
Microsoft Visual Studio Solution File, Format Version 12.00
# Visual Studio 14
VisualStudioVersion = 14.0.25420.1
MinimumVisualStudioVersion = 10.0.40219.1
Project("{FAE04EC0-301F-11D3-BF4B-00C04F79EFBC}") = "XamarinDiploma.Lab01.Android", "XamarinDiploma.Lab01\XamarinDiploma.Lab01.Android\XamarinDiploma.Lab01.Android.csproj", "{E0D1950D-E7E6-4DC8-AFCA-838288B0DEEE}"
EndProject
Project("{FAE04EC0-301F-11D3-BF4B-00C04F79EFBC}") = "XamarinDiploma.Lab01", "XamarinDiploma.Lab01\XamarinDiploma.Lab01\XamarinDiploma.Lab01.csproj", "{CBEECC11-25E2-4666-AC01-997E55157AE4}"
EndProject
Project("{FAE04EC0-301F-11D3-BF4B-00C04F79EFBC}") = "XamarinDiploma.Lab01.iOS", "XamarinDiploma.Lab01\XamarinDiploma.Lab01.iOS\XamarinDiploma.Lab01.iOS.csproj", "{DD43D252-96EE-48DF-A673-9E77EAD77AE1}"
EndProject
Global
	GlobalSection(SolutionConfigurationPlatforms) = preSolution
		Ad-Hoc|Any CPU = Ad-Hoc|Any CPU
		Ad-Hoc|ARM = Ad-Hoc|ARM
		Ad-Hoc|iPhone = Ad-Hoc|iPhone
		Ad-Hoc|iPhoneSimulator = Ad-Hoc|iPhoneSimulator
		Ad-Hoc|x64 = Ad-Hoc|x64
		Ad-Hoc|x86 = Ad-Hoc|x86
		AppStore|Any CPU = AppStore|Any CPU
		AppStore|ARM = AppStore|ARM
		AppStore|iPhone = AppStore|iPhone
		AppStore|iPhoneSimulator = AppStore|iPhoneSimulator
		AppStore|x64 = AppStore|x64
		AppStore|x86 = AppStore|x86
		Debug|Any CPU = Debug|Any CPU
		Debug|ARM = Debug|ARM
		Debug|iPhone = Debug|iPhone
		Debug|iPhoneSimulator = Debug|iPhoneSimulator
		Debug|x64 = Debug|x64
		Debug|x86 = Debug|x86
		Release|Any CPU = Release|Any CPU
		Release|ARM = Release|ARM
		Release|iPhone = Release|iPhone
		Release|iPhoneSimulator = Release|iPhoneSimulator
		Release|x64 = Release|x64
		Release|x86 = Release|x86
	EndGlobalSection
	GlobalSection(ProjectConfigurationPlatforms) = postSolution
		{E0D1950D-E7E6-4DC8-AFCA-838288B0DEEE}.Ad-Hoc|Any CPU.ActiveCfg = Release|Any CPU
		{E0D1950D-E7E6-4DC8-AFCA-838288B0DEEE}.Ad-Hoc|Any CPU.Build.0 = Release|Any CPU
		{E0D1950D-E7E6-4DC8-AFCA-838288B0DEEE}.Ad-Hoc|Any CPU.Deploy.0 = Release|Any CPU
		{E0D1950D-E7E6-4DC8-AFCA-838288B0DEEE}.Ad-Hoc|ARM.ActiveCfg = Release|Any CPU
		{E0D1950D-E7E6-4DC8-AFCA-838288B0DEEE}.Ad-Hoc|ARM.Build.0 = Release|Any CPU
		{E0D1950D-E7E6-4DC8-AFCA-838288B0DEEE}.Ad-Hoc|ARM.Deploy.0 = Release|Any CPU
		{E0D1950D-E7E6-4DC8-AFCA-838288B0DEEE}.Ad-Hoc|iPhone.ActiveCfg = Release|Any CPU
		{E0D1950D-E7E6-4DC8-AFCA-838288B0DEEE}.Ad-Hoc|iPhone.Build.0 = Release|Any CPU
		{E0D1950D-E7E6-4DC8-AFCA-838288B0DEEE}.Ad-Hoc|iPhone.Deploy.0 = Release|Any CPU
		{E0D1950D-E7E6-4DC8-AFCA-838288B0DEEE}.Ad-Hoc|iPhoneSimulator.ActiveCfg = Release|Any CPU
		{E0D1950D-E7E6-4DC8-AFCA-838288B0DEEE}.Ad-Hoc|iPhoneSimulator.Build.0 = Release|Any CPU
		{E0D1950D-E7E6-4DC8-AFCA-838288B0DEEE}.Ad-Hoc|iPhoneSimulator.Deploy.0 = Release|Any CPU
		{E0D1950D-E7E6-4DC8-AFCA-838288B0DEEE}.Ad-Hoc|x64.ActiveCfg = Release|Any CPU
		{E0D1950D-E7E6-4DC8-AFCA-838288B0DEEE}.Ad-Hoc|x64.Build.0 = Release|Any CPU
		{E0D1950D-E7E6-4DC8-AFCA-838288B0DEEE}.Ad-Hoc|x64.Deploy.0 = Release|Any CPU
		{E0D1950D-E7E6-4DC8-AFCA-838288B0DEEE}.Ad-Hoc|x86.ActiveCfg = Release|Any CPU
		{E0D1950D-E7E6-4DC8-AFCA-838288B0DEEE}.Ad-Hoc|x86.Build.0 = Release|Any CPU
		{E0D1950D-E7E6-4DC8-AFCA-838288B0DEEE}.Ad-Hoc|x86.Deploy.0 = Release|Any CPU
		{E0D1950D-E7E6-4DC8-AFCA-838288B0DEEE}.AppStore|Any CPU.ActiveCfg = Release|Any CPU
		{E0D1950D-E7E6-4DC8-AFCA-838288B0DEEE}.AppStore|Any CPU.Build.0 = Release|Any CPU
		{E0D1950D-E7E6-4DC8-AFCA-838288B0DEEE}.AppStore|Any CPU.Deploy.0 = Release|Any CPU
		{E0D1950D-E7E6-4DC8-AFCA-838288B0DEEE}.AppStore|ARM.ActiveCfg = Release|Any CPU
		{E0D1950D-E7E6-4DC8-AFCA-838288B0DEEE}.AppStore|ARM.Build.0 = Release|Any CPU
		{E0D1950D-E7E6-4DC8-AFCA-838288B0DEEE}.AppStore|ARM.Deploy.0 = Release|Any CPU
		{E0D1950D-E7E6-4DC8-AFCA-838288B0DEEE}.AppStore|iPhone.ActiveCfg = Release|Any CPU
		{E0D1950D-E7E6-4DC8-AFCA-838288B0DEEE}.AppStore|iPhone.Build.0 = Release|Any CPU
		{E0D1950D-E7E6-4DC8-AFCA-838288B0DEEE}.AppStore|iPhone.Deploy.0 = Release|Any CPU
		{E0D1950D-E7E6-4DC8-AFCA-838288B0DEEE}.AppStore|iPhoneSimulator.ActiveCfg = Release|Any CPU
		{E0D1950D-E7E6-4DC8-AFCA-838288B0DEEE}.AppStore|iPhoneSimulator.Build.0 = Release|Any CPU
		{E0D1950D-E7E6-4DC8-AFCA-838288B0DEEE}.AppStore|iPhoneSimulator.Deploy.0 = Release|Any CPU
		{E0D1950D-E7E6-4DC8-AFCA-838288B0DEEE}.AppStore|x64.ActiveCfg = Release|Any CPU
		{E0D1950D-E7E6-4DC8-AFCA-838288B0DEEE}.AppStore|x64.Build.0 = Release|Any CPU
		{E0D1950D-E7E6-4DC8-AFCA-838288B0DEEE}.AppStore|x64.Deploy.0 = Release|Any CPU
		{E0D1950D-E7E6-4DC8-AFCA-838288B0DEEE}.AppStore|x86.ActiveCfg = Release|Any CPU
		{E0D1950D-E7E6-4DC8-AFCA-838288B0DEEE}.AppStore|x86.Build.0 = Release|Any CPU
		{E0D1950D-E7E6-4DC8-AFCA-838288B0DEEE}.AppStore|x86.Deploy.0 = Release|Any CPU
		{E0D1950D-E7E6-4DC8-AFCA-838288B0DEEE}.Debug|Any CPU.ActiveCfg = Debug|Any CPU
		{E0D1950D-E7E6-4DC8-AFCA-838288B0DEEE}.Debug|Any CPU.Build.0 = Debug|Any CPU
		{E0D1950D-E7E6-4DC8-AFCA-838288B0DEEE}.Debug|Any CPU.Deploy.0 = Debug|Any CPU
		{E0D1950D-E7E6-4DC8-AFCA-838288B0DEEE}.Debug|ARM.ActiveCfg = Debug|Any CPU
		{E0D1950D-E7E6-4DC8-AFCA-838288B0DEEE}.Debug|ARM.Build.0 = Debug|Any CPU
		{E0D1950D-E7E6-4DC8-AFCA-838288B0DEEE}.Debug|ARM.Deploy.0 = Debug|Any CPU
		{E0D1950D-E7E6-4DC8-AFCA-838288B0DEEE}.Debug|iPhone.ActiveCfg = Debug|Any CPU
		{E0D1950D-E7E6-4DC8-AFCA-838288B0DEEE}.Debug|iPhone.Build.0 = Debug|Any CPU
		{E0D1950D-E7E6-4DC8-AFCA-838288B0DEEE}.Debug|iPhone.Deploy.0 = Debug|Any CPU
		{E0D1950D-E7E6-4DC8-AFCA-838288B0DEEE}.Debug|iPhoneSimulator.ActiveCfg = Debug|Any CPU
		{E0D1950D-E7E6-4DC8-AFCA-838288B0DEEE}.Debug|iPhoneSimulator.Build.0 = Debug|Any CPU
		{E0D1950D-E7E6-4DC8-AFCA-838288B0DEEE}.Debug|iPhoneSimulator.Deploy.0 = Debug|Any CPU
		{E0D1950D-E7E6-4DC8-AFCA-838288B0DEEE}.Debug|x64.ActiveCfg = Debug|Any CPU
		{E0D1950D-E7E6-4DC8-AFCA-838288B0DEEE}.Debug|x64.Build.0 = Debug|Any CPU
		{E0D1950D-E7E6-4DC8-AFCA-838288B0DEEE}.Debug|x64.Deploy.0 = Debug|Any CPU
		{E0D1950D-E7E6-4DC8-AFCA-838288B0DEEE}.Debug|x86.ActiveCfg = Debug|Any CPU
		{E0D1950D-E7E6-4DC8-AFCA-838288B0DEEE}.Debug|x86.Build.0 = Debug|Any CPU
		{E0D1950D-E7E6-4DC8-AFCA-838288B0DEEE}.Debug|x86.Deploy.0 = Debug|Any CPU
		{E0D1950D-E7E6-4DC8-AFCA-838288B0DEEE}.Release|Any CPU.ActiveCfg = Release|Any CPU
		{E0D1950D-E7E6-4DC8-AFCA-838288B0DEEE}.Release|Any CPU.Build.0 = Release|Any CPU
		{E0D1950D-E7E6-4DC8-AFCA-838288B0DEEE}.Release|Any CPU.Deploy.0 = Release|Any CPU
		{E0D1950D-E7E6-4DC8-AFCA-838288B0DEEE}.Release|ARM.ActiveCfg = Release|Any CPU
		{E0D1950D-E7E6-4DC8-AFCA-838288B0DEEE}.Release|ARM.Build.0 = Release|Any CPU
		{E0D1950D-E7E6-4DC8-AFCA-838288B0DEEE}.Release|ARM.Deploy.0 = Release|Any CPU
		{E0D1950D-E7E6-4DC8-AFCA-838288B0DEEE}.Release|iPhone.ActiveCfg = Release|Any CPU
		{E0D1950D-E7E6-4DC8-AFCA-838288B0DEEE}.Release|iPhone.Build.0 = Release|Any CPU
		{E0D1950D-E7E6-4DC8-AFCA-838288B0DEEE}.Release|iPhone.Deploy.0 = Release|Any CPU
		{E0D1950D-E7E6-4DC8-AFCA-838288B0DEEE}.Release|iPhoneSimulator.ActiveCfg = Release|Any CPU
		{E0D1950D-E7E6-4DC8-AFCA-838288B0DEEE}.Release|iPhoneSimulator.Build.0 = Release|Any CPU
		{E0D1950D-E7E6-4DC8-AFCA-838288B0DEEE}.Release|iPhoneSimulator.Deploy.0 = Release|Any CPU
		{E0D1950D-E7E6-4DC8-AFCA-838288B0DEEE}.Release|x64.ActiveCfg = Release|Any CPU
		{E0D1950D-E7E6-4DC8-AFCA-838288B0DEEE}.Release|x64.Build.0 = Release|Any CPU
		{E0D1950D-E7E6-4DC8-AFCA-838288B0DEEE}.Release|x64.Deploy.0 = Release|Any CPU
		{E0D1950D-E7E6-4DC8-AFCA-838288B0DEEE}.Release|x86.ActiveCfg = Release|Any CPU
		{E0D1950D-E7E6-4DC8-AFCA-838288B0DEEE}.Release|x86.Build.0 = Release|Any CPU
		{E0D1950D-E7E6-4DC8-AFCA-838288B0DEEE}.Release|x86.Deploy.0 = Release|Any CPU
		{CBEECC11-25E2-4666-AC01-997E55157AE4}.Ad-Hoc|Any CPU.ActiveCfg = Release|Any CPU
		{CBEECC11-25E2-4666-AC01-997E55157AE4}.Ad-Hoc|Any CPU.Build.0 = Release|Any CPU
		{CBEECC11-25E2-4666-AC01-997E55157AE4}.Ad-Hoc|ARM.ActiveCfg = Release|Any CPU
		{CBEECC11-25E2-4666-AC01-997E55157AE4}.Ad-Hoc|ARM.Build.0 = Release|Any CPU
		{CBEECC11-25E2-4666-AC01-997E55157AE4}.Ad-Hoc|iPhone.ActiveCfg = Release|Any CPU
		{CBEECC11-25E2-4666-AC01-997E55157AE4}.Ad-Hoc|iPhone.Build.0 = Release|Any CPU
		{CBEECC11-25E2-4666-AC01-997E55157AE4}.Ad-Hoc|iPhoneSimulator.ActiveCfg = Release|Any CPU
		{CBEECC11-25E2-4666-AC01-997E55157AE4}.Ad-Hoc|iPhoneSimulator.Build.0 = Release|Any CPU
		{CBEECC11-25E2-4666-AC01-997E55157AE4}.Ad-Hoc|x64.ActiveCfg = Release|Any CPU
		{CBEECC11-25E2-4666-AC01-997E55157AE4}.Ad-Hoc|x64.Build.0 = Release|Any CPU
		{CBEECC11-25E2-4666-AC01-997E55157AE4}.Ad-Hoc|x86.ActiveCfg = Release|Any CPU
		{CBEECC11-25E2-4666-AC01-997E55157AE4}.Ad-Hoc|x86.Build.0 = Release|Any CPU
		{CBEECC11-25E2-4666-AC01-997E55157AE4}.AppStore|Any CPU.ActiveCfg = Release|Any CPU
		{CBEECC11-25E2-4666-AC01-997E55157AE4}.AppStore|Any CPU.Build.0 = Release|Any CPU
		{CBEECC11-25E2-4666-AC01-997E55157AE4}.AppStore|ARM.ActiveCfg = Release|Any CPU
		{CBEECC11-25E2-4666-AC01-997E55157AE4}.AppStore|ARM.Build.0 = Release|Any CPU
		{CBEECC11-25E2-4666-AC01-997E55157AE4}.AppStore|iPhone.ActiveCfg = Release|Any CPU
		{CBEECC11-25E2-4666-AC01-997E55157AE4}.AppStore|iPhone.Build.0 = Release|Any CPU
		{CBEECC11-25E2-4666-AC01-997E55157AE4}.AppStore|iPhoneSimulator.ActiveCfg = Release|Any CPU
		{CBEECC11-25E2-4666-AC01-997E55157AE4}.AppStore|iPhoneSimulator.Build.0 = Release|Any CPU
		{CBEECC11-25E2-4666-AC01-997E55157AE4}.AppStore|x64.ActiveCfg = Release|Any CPU
		{CBEECC11-25E2-4666-AC01-997E55157AE4}.AppStore|x64.Build.0 = Release|Any CPU
		{CBEECC11-25E2-4666-AC01-997E55157AE4}.AppStore|x86.ActiveCfg = Release|Any CPU
		{CBEECC11-25E2-4666-AC01-997E55157AE4}.AppStore|x86.Build.0 = Release|Any CPU
		{CBEECC11-25E2-4666-AC01-997E55157AE4}.Debug|Any CPU.ActiveCfg = Debug|Any CPU
		{CBEECC11-25E2-4666-AC01-997E55157AE4}.Debug|Any CPU.Build.0 = Debug|Any CPU
		{CBEECC11-25E2-4666-AC01-997E55157AE4}.Debug|ARM.ActiveCfg = Debug|Any CPU
		{CBEECC11-25E2-4666-AC01-997E55157AE4}.Debug|ARM.Build.0 = Debug|Any CPU
		{CBEECC11-25E2-4666-AC01-997E55157AE4}.Debug|iPhone.ActiveCfg = Debug|Any CPU
		{CBEECC11-25E2-4666-AC01-997E55157AE4}.Debug|iPhone.Build.0 = Debug|Any CPU
		{CBEECC11-25E2-4666-AC01-997E55157AE4}.Debug|iPhoneSimulator.ActiveCfg = Debug|Any CPU
		{CBEECC11-25E2-4666-AC01-997E55157AE4}.Debug|iPhoneSimulator.Build.0 = Debug|Any CPU
		{CBEECC11-25E2-4666-AC01-997E55157AE4}.Debug|x64.ActiveCfg = Debug|Any CPU
		{CBEECC11-25E2-4666-AC01-997E55157AE4}.Debug|x64.Build.0 = Debug|Any CPU
		{CBEECC11-25E2-4666-AC01-997E55157AE4}.Debug|x86.ActiveCfg = Debug|Any CPU
		{CBEECC11-25E2-4666-AC01-997E55157AE4}.Debug|x86.Build.0 = Debug|Any CPU
		{CBEECC11-25E2-4666-AC01-997E55157AE4}.Release|Any CPU.ActiveCfg = Release|Any CPU
		{CBEECC11-25E2-4666-AC01-997E55157AE4}.Release|Any CPU.Build.0 = Release|Any CPU
		{CBEECC11-25E2-4666-AC01-997E55157AE4}.Release|ARM.ActiveCfg = Release|Any CPU
		{CBEECC11-25E2-4666-AC01-997E55157AE4}.Release|ARM.Build.0 = Release|Any CPU
		{CBEECC11-25E2-4666-AC01-997E55157AE4}.Release|iPhone.ActiveCfg = Release|Any CPU
		{CBEECC11-25E2-4666-AC01-997E55157AE4}.Release|iPhone.Build.0 = Release|Any CPU
		{CBEECC11-25E2-4666-AC01-997E55157AE4}.Release|iPhoneSimulator.ActiveCfg = Release|Any CPU
		{CBEECC11-25E2-4666-AC01-997E55157AE4}.Release|iPhoneSimulator.Build.0 = Release|Any CPU
		{CBEECC11-25E2-4666-AC01-997E55157AE4}.Release|x64.ActiveCfg = Release|Any CPU
		{CBEECC11-25E2-4666-AC01-997E55157AE4}.Release|x64.Build.0 = Release|Any CPU
		{CBEECC11-25E2-4666-AC01-997E55157AE4}.Release|x86.ActiveCfg = Release|Any CPU
		{CBEECC11-25E2-4666-AC01-997E55157AE4}.Release|x86.Build.0 = Release|Any CPU
		{DD43D252-96EE-48DF-A673-9E77EAD77AE1}.Ad-Hoc|Any CPU.ActiveCfg = Ad-Hoc|iPhone
		{DD43D252-96EE-48DF-A673-9E77EAD77AE1}.Ad-Hoc|ARM.ActiveCfg = Ad-Hoc|iPhone
		{DD43D252-96EE-48DF-A673-9E77EAD77AE1}.Ad-Hoc|iPhone.ActiveCfg = Ad-Hoc|iPhone
		{DD43D252-96EE-48DF-A673-9E77EAD77AE1}.Ad-Hoc|iPhone.Build.0 = Ad-Hoc|iPhone
		{DD43D252-96EE-48DF-A673-9E77EAD77AE1}.Ad-Hoc|iPhoneSimulator.ActiveCfg = Ad-Hoc|iPhoneSimulator
		{DD43D252-96EE-48DF-A673-9E77EAD77AE1}.Ad-Hoc|iPhoneSimulator.Build.0 = Ad-Hoc|iPhoneSimulator
		{DD43D252-96EE-48DF-A673-9E77EAD77AE1}.Ad-Hoc|x64.ActiveCfg = Ad-Hoc|iPhone
		{DD43D252-96EE-48DF-A673-9E77EAD77AE1}.Ad-Hoc|x86.ActiveCfg = Ad-Hoc|iPhone
		{DD43D252-96EE-48DF-A673-9E77EAD77AE1}.AppStore|Any CPU.ActiveCfg = AppStore|iPhone
		{DD43D252-96EE-48DF-A673-9E77EAD77AE1}.AppStore|ARM.ActiveCfg = AppStore|iPhone
		{DD43D252-96EE-48DF-A673-9E77EAD77AE1}.AppStore|iPhone.ActiveCfg = AppStore|iPhone
		{DD43D252-96EE-48DF-A673-9E77EAD77AE1}.AppStore|iPhone.Build.0 = AppStore|iPhone
		{DD43D252-96EE-48DF-A673-9E77EAD77AE1}.AppStore|iPhoneSimulator.ActiveCfg = AppStore|iPhoneSimulator
		{DD43D252-96EE-48DF-A673-9E77EAD77AE1}.AppStore|iPhoneSimulator.Build.0 = AppStore|iPhoneSimulator
		{DD43D252-96EE-48DF-A673-9E77EAD77AE1}.AppStore|x64.ActiveCfg = AppStore|iPhone
		{DD43D252-96EE-48DF-A673-9E77EAD77AE1}.AppStore|x86.ActiveCfg = AppStore|iPhone
		{DD43D252-96EE-48DF-A673-9E77EAD77AE1}.Debug|Any CPU.ActiveCfg = Debug|iPhone
		{DD43D252-96EE-48DF-A673-9E77EAD77AE1}.Debug|ARM.ActiveCfg = Debug|iPhone
		{DD43D252-96EE-48DF-A673-9E77EAD77AE1}.Debug|iPhone.ActiveCfg = Debug|iPhone
		{DD43D252-96EE-48DF-A673-9E77EAD77AE1}.Debug|iPhone.Build.0 = Debug|iPhone
		{DD43D252-96EE-48DF-A673-9E77EAD77AE1}.Debug|iPhoneSimulator.ActiveCfg = Debug|iPhoneSimulator
		{DD43D252-96EE-48DF-A673-9E77EAD77AE1}.Debug|iPhoneSimulator.Build.0 = Debug|iPhoneSimulator
		{DD43D252-96EE-48DF-A673-9E77EAD77AE1}.Debug|x64.ActiveCfg = Debug|iPhone
		{DD43D252-96EE-48DF-A673-9E77EAD77AE1}.Debug|x86.ActiveCfg = Debug|iPhone
		{DD43D252-96EE-48DF-A673-9E77EAD77AE1}.Release|Any CPU.ActiveCfg = Release|iPhone
		{DD43D252-96EE-48DF-A673-9E77EAD77AE1}.Release|ARM.ActiveCfg = Release|iPhone
		{DD43D252-96EE-48DF-A673-9E77EAD77AE1}.Release|iPhone.ActiveCfg = Release|iPhone
		{DD43D252-96EE-48DF-A673-9E77EAD77AE1}.Release|iPhone.Build.0 = Release|iPhone
		{DD43D252-96EE-48DF-A673-9E77EAD77AE1}.Release|iPhoneSimulator.ActiveCfg = Release|iPhoneSimulator
		{DD43D252-96EE-48DF-A673-9E77EAD77AE1}.Release|iPhoneSimulator.Build.0 = Release|iPhoneSimulator
		{DD43D252-96EE-48DF-A673-9E77EAD77AE1}.Release|x64.ActiveCfg = Release|iPhone
		{DD43D252-96EE-48DF-A673-9E77EAD77AE1}.Release|x86.ActiveCfg = Release|iPhone
	EndGlobalSection
	GlobalSection(SolutionProperties) = preSolution
		HideSolutionNode = FALSE
	EndGlobalSection
EndGlobal
