
Microsoft Visual Studio Solution File, Format Version 12.00
# Visual Studio 14
VisualStudioVersion = 14.0.25420.1
MinimumVisualStudioVersion = 10.0.40219.1
Project("{FAE04EC0-301F-11D3-BF4B-00C04F79EFBC}") = "Contacts", "Contacts\Contacts\Contacts.csproj", "{87C02D5E-86A1-4EB9-AEF7-CE961C418C2F}"
EndProject
Project("{FAE04EC0-301F-11D3-BF4B-00C04F79EFBC}") = "Contacts.Droid", "Contacts\Contacts.Droid\Contacts.Droid.csproj", "{8BE57B86-42DE-4282-9D07-48B96946BC32}"
EndProject
Project("{FAE04EC0-301F-11D3-BF4B-00C04F79EFBC}") = "Contacts.iOS", "Contacts\Contacts.iOS\Contacts.iOS.csproj", "{FE0CB94F-DCA3-4374-80BD-9E4D5DD90895}"
EndProject
Project("{FAE04EC0-301F-11D3-BF4B-00C04F79EFBC}") = "Contacts.UITest", "Contacts.UITest\Contacts.UITest.csproj", "{B36F039C-3462-4DEA-B50A-7195797EA85C}"
EndProject
Global
	GlobalSection(SolutionConfigurationPlatforms) = preSolution
		Ad-Hoc|Any CPU = Ad-Hoc|Any CPU
		Ad-Hoc|ARM = Ad-Hoc|ARM
		Ad-Hoc|iPhone = Ad-Hoc|iPhone
		Ad-Hoc|iPhoneSimulator = Ad-Hoc|iPhoneSimulator
		Ad-Hoc|x64 = Ad-Hoc|x64
		Ad-Hoc|x86 = Ad-Hoc|x86
		AppStore|Any CPU = AppStore|Any CPU
		AppStore|ARM = AppStore|ARM
		AppStore|iPhone = AppStore|iPhone
		AppStore|iPhoneSimulator = AppStore|iPhoneSimulator
		AppStore|x64 = AppStore|x64
		AppStore|x86 = AppStore|x86
		Debug|Any CPU = Debug|Any CPU
		Debug|ARM = Debug|ARM
		Debug|iPhone = Debug|iPhone
		Debug|iPhoneSimulator = Debug|iPhoneSimulator
		Debug|x64 = Debug|x64
		Debug|x86 = Debug|x86
		Release|Any CPU = Release|Any CPU
		Release|ARM = Release|ARM
		Release|iPhone = Release|iPhone
		Release|iPhoneSimulator = Release|iPhoneSimulator
		Release|x64 = Release|x64
		Release|x86 = Release|x86
	EndGlobalSection
	GlobalSection(ProjectConfigurationPlatforms) = postSolution
		{87C02D5E-86A1-4EB9-AEF7-CE961C418C2F}.Ad-Hoc|Any CPU.ActiveCfg = Release|Any CPU
		{87C02D5E-86A1-4EB9-AEF7-CE961C418C2F}.Ad-Hoc|Any CPU.Build.0 = Release|Any CPU
		{87C02D5E-86A1-4EB9-AEF7-CE961C418C2F}.Ad-Hoc|ARM.ActiveCfg = Release|Any CPU
		{87C02D5E-86A1-4EB9-AEF7-CE961C418C2F}.Ad-Hoc|ARM.Build.0 = Release|Any CPU
		{87C02D5E-86A1-4EB9-AEF7-CE961C418C2F}.Ad-Hoc|iPhone.ActiveCfg = Release|Any CPU
		{87C02D5E-86A1-4EB9-AEF7-CE961C418C2F}.Ad-Hoc|iPhone.Build.0 = Release|Any CPU
		{87C02D5E-86A1-4EB9-AEF7-CE961C418C2F}.Ad-Hoc|iPhoneSimulator.ActiveCfg = Release|Any CPU
		{87C02D5E-86A1-4EB9-AEF7-CE961C418C2F}.Ad-Hoc|iPhoneSimulator.Build.0 = Release|Any CPU
		{87C02D5E-86A1-4EB9-AEF7-CE961C418C2F}.Ad-Hoc|x64.ActiveCfg = Release|Any CPU
		{87C02D5E-86A1-4EB9-AEF7-CE961C418C2F}.Ad-Hoc|x64.Build.0 = Release|Any CPU
		{87C02D5E-86A1-4EB9-AEF7-CE961C418C2F}.Ad-Hoc|x86.ActiveCfg = Release|Any CPU
		{87C02D5E-86A1-4EB9-AEF7-CE961C418C2F}.Ad-Hoc|x86.Build.0 = Release|Any CPU
		{87C02D5E-86A1-4EB9-AEF7-CE961C418C2F}.AppStore|Any CPU.ActiveCfg = Release|Any CPU
		{87C02D5E-86A1-4EB9-AEF7-CE961C418C2F}.AppStore|Any CPU.Build.0 = Release|Any CPU
		{87C02D5E-86A1-4EB9-AEF7-CE961C418C2F}.AppStore|ARM.ActiveCfg = Release|Any CPU
		{87C02D5E-86A1-4EB9-AEF7-CE961C418C2F}.AppStore|ARM.Build.0 = Release|Any CPU
		{87C02D5E-86A1-4EB9-AEF7-CE961C418C2F}.AppStore|iPhone.ActiveCfg = Release|Any CPU
		{87C02D5E-86A1-4EB9-AEF7-CE961C418C2F}.AppStore|iPhone.Build.0 = Release|Any CPU
		{87C02D5E-86A1-4EB9-AEF7-CE961C418C2F}.AppStore|iPhoneSimulator.ActiveCfg = Release|Any CPU
		{87C02D5E-86A1-4EB9-AEF7-CE961C418C2F}.AppStore|iPhoneSimulator.Build.0 = Release|Any CPU
		{87C02D5E-86A1-4EB9-AEF7-CE961C418C2F}.AppStore|x64.ActiveCfg = Release|Any CPU
		{87C02D5E-86A1-4EB9-AEF7-CE961C418C2F}.AppStore|x64.Build.0 = Release|Any CPU
		{87C02D5E-86A1-4EB9-AEF7-CE961C418C2F}.AppStore|x86.ActiveCfg = Release|Any CPU
		{87C02D5E-86A1-4EB9-AEF7-CE961C418C2F}.AppStore|x86.Build.0 = Release|Any CPU
		{87C02D5E-86A1-4EB9-AEF7-CE961C418C2F}.Debug|Any CPU.ActiveCfg = Debug|Any CPU
		{87C02D5E-86A1-4EB9-AEF7-CE961C418C2F}.Debug|Any CPU.Build.0 = Debug|Any CPU
		{87C02D5E-86A1-4EB9-AEF7-CE961C418C2F}.Debug|ARM.ActiveCfg = Debug|Any CPU
		{87C02D5E-86A1-4EB9-AEF7-CE961C418C2F}.Debug|ARM.Build.0 = Debug|Any CPU
		{87C02D5E-86A1-4EB9-AEF7-CE961C418C2F}.Debug|iPhone.ActiveCfg = Debug|Any CPU
		{87C02D5E-86A1-4EB9-AEF7-CE961C418C2F}.Debug|iPhone.Build.0 = Debug|Any CPU
		{87C02D5E-86A1-4EB9-AEF7-CE961C418C2F}.Debug|iPhoneSimulator.ActiveCfg = Debug|Any CPU
		{87C02D5E-86A1-4EB9-AEF7-CE961C418C2F}.Debug|iPhoneSimulator.Build.0 = Debug|Any CPU
		{87C02D5E-86A1-4EB9-AEF7-CE961C418C2F}.Debug|x64.ActiveCfg = Debug|Any CPU
		{87C02D5E-86A1-4EB9-AEF7-CE961C418C2F}.Debug|x64.Build.0 = Debug|Any CPU
		{87C02D5E-86A1-4EB9-AEF7-CE961C418C2F}.Debug|x86.ActiveCfg = Debug|Any CPU
		{87C02D5E-86A1-4EB9-AEF7-CE961C418C2F}.Debug|x86.Build.0 = Debug|Any CPU
		{87C02D5E-86A1-4EB9-AEF7-CE961C418C2F}.Release|Any CPU.ActiveCfg = Release|Any CPU
		{87C02D5E-86A1-4EB9-AEF7-CE961C418C2F}.Release|Any CPU.Build.0 = Release|Any CPU
		{87C02D5E-86A1-4EB9-AEF7-CE961C418C2F}.Release|ARM.ActiveCfg = Release|Any CPU
		{87C02D5E-86A1-4EB9-AEF7-CE961C418C2F}.Release|ARM.Build.0 = Release|Any CPU
		{87C02D5E-86A1-4EB9-AEF7-CE961C418C2F}.Release|iPhone.ActiveCfg = Release|Any CPU
		{87C02D5E-86A1-4EB9-AEF7-CE961C418C2F}.Release|iPhone.Build.0 = Release|Any CPU
		{87C02D5E-86A1-4EB9-AEF7-CE961C418C2F}.Release|iPhoneSimulator.ActiveCfg = Release|Any CPU
		{87C02D5E-86A1-4EB9-AEF7-CE961C418C2F}.Release|iPhoneSimulator.Build.0 = Release|Any CPU
		{87C02D5E-86A1-4EB9-AEF7-CE961C418C2F}.Release|x64.ActiveCfg = Release|Any CPU
		{87C02D5E-86A1-4EB9-AEF7-CE961C418C2F}.Release|x64.Build.0 = Release|Any CPU
		{87C02D5E-86A1-4EB9-AEF7-CE961C418C2F}.Release|x86.ActiveCfg = Release|Any CPU
		{87C02D5E-86A1-4EB9-AEF7-CE961C418C2F}.Release|x86.Build.0 = Release|Any CPU
		{8BE57B86-42DE-4282-9D07-48B96946BC32}.Ad-Hoc|Any CPU.ActiveCfg = Release|Any CPU
		{8BE57B86-42DE-4282-9D07-48B96946BC32}.Ad-Hoc|Any CPU.Build.0 = Release|Any CPU
		{8BE57B86-42DE-4282-9D07-48B96946BC32}.Ad-Hoc|Any CPU.Deploy.0 = Release|Any CPU
		{8BE57B86-42DE-4282-9D07-48B96946BC32}.Ad-Hoc|ARM.ActiveCfg = Release|Any CPU
		{8BE57B86-42DE-4282-9D07-48B96946BC32}.Ad-Hoc|ARM.Build.0 = Release|Any CPU
		{8BE57B86-42DE-4282-9D07-48B96946BC32}.Ad-Hoc|ARM.Deploy.0 = Release|Any CPU
		{8BE57B86-42DE-4282-9D07-48B96946BC32}.Ad-Hoc|iPhone.ActiveCfg = Release|Any CPU
		{8BE57B86-42DE-4282-9D07-48B96946BC32}.Ad-Hoc|iPhone.Build.0 = Release|Any CPU
		{8BE57B86-42DE-4282-9D07-48B96946BC32}.Ad-Hoc|iPhone.Deploy.0 = Release|Any CPU
		{8BE57B86-42DE-4282-9D07-48B96946BC32}.Ad-Hoc|iPhoneSimulator.ActiveCfg = Release|Any CPU
		{8BE57B86-42DE-4282-9D07-48B96946BC32}.Ad-Hoc|iPhoneSimulator.Build.0 = Release|Any CPU
		{8BE57B86-42DE-4282-9D07-48B96946BC32}.Ad-Hoc|iPhoneSimulator.Deploy.0 = Release|Any CPU
		{8BE57B86-42DE-4282-9D07-48B96946BC32}.Ad-Hoc|x64.ActiveCfg = Release|Any CPU
		{8BE57B86-42DE-4282-9D07-48B96946BC32}.Ad-Hoc|x64.Build.0 = Release|Any CPU
		{8BE57B86-42DE-4282-9D07-48B96946BC32}.Ad-Hoc|x64.Deploy.0 = Release|Any CPU
		{8BE57B86-42DE-4282-9D07-48B96946BC32}.Ad-Hoc|x86.ActiveCfg = Release|Any CPU
		{8BE57B86-42DE-4282-9D07-48B96946BC32}.Ad-Hoc|x86.Build.0 = Release|Any CPU
		{8BE57B86-42DE-4282-9D07-48B96946BC32}.Ad-Hoc|x86.Deploy.0 = Release|Any CPU
		{8BE57B86-42DE-4282-9D07-48B96946BC32}.AppStore|Any CPU.ActiveCfg = Release|Any CPU
		{8BE57B86-42DE-4282-9D07-48B96946BC32}.AppStore|Any CPU.Build.0 = Release|Any CPU
		{8BE57B86-42DE-4282-9D07-48B96946BC32}.AppStore|Any CPU.Deploy.0 = Release|Any CPU
		{8BE57B86-42DE-4282-9D07-48B96946BC32}.AppStore|ARM.ActiveCfg = Release|Any CPU
		{8BE57B86-42DE-4282-9D07-48B96946BC32}.AppStore|ARM.Build.0 = Release|Any CPU
		{8BE57B86-42DE-4282-9D07-48B96946BC32}.AppStore|ARM.Deploy.0 = Release|Any CPU
		{8BE57B86-42DE-4282-9D07-48B96946BC32}.AppStore|iPhone.ActiveCfg = Release|Any CPU
		{8BE57B86-42DE-4282-9D07-48B96946BC32}.AppStore|iPhone.Build.0 = Release|Any CPU
		{8BE57B86-42DE-4282-9D07-48B96946BC32}.AppStore|iPhone.Deploy.0 = Release|Any CPU
		{8BE57B86-42DE-4282-9D07-48B96946BC32}.AppStore|iPhoneSimulator.ActiveCfg = Release|Any CPU
		{8BE57B86-42DE-4282-9D07-48B96946BC32}.AppStore|iPhoneSimulator.Build.0 = Release|Any CPU
		{8BE57B86-42DE-4282-9D07-48B96946BC32}.AppStore|iPhoneSimulator.Deploy.0 = Release|Any CPU
		{8BE57B86-42DE-4282-9D07-48B96946BC32}.AppStore|x64.ActiveCfg = Release|Any CPU
		{8BE57B86-42DE-4282-9D07-48B96946BC32}.AppStore|x64.Build.0 = Release|Any CPU
		{8BE57B86-42DE-4282-9D07-48B96946BC32}.AppStore|x64.Deploy.0 = Release|Any CPU
		{8BE57B86-42DE-4282-9D07-48B96946BC32}.AppStore|x86.ActiveCfg = Release|Any CPU
		{8BE57B86-42DE-4282-9D07-48B96946BC32}.AppStore|x86.Build.0 = Release|Any CPU
		{8BE57B86-42DE-4282-9D07-48B96946BC32}.AppStore|x86.Deploy.0 = Release|Any CPU
		{8BE57B86-42DE-4282-9D07-48B96946BC32}.Debug|Any CPU.ActiveCfg = Debug|Any CPU
		{8BE57B86-42DE-4282-9D07-48B96946BC32}.Debug|Any CPU.Build.0 = Debug|Any CPU
		{8BE57B86-42DE-4282-9D07-48B96946BC32}.Debug|Any CPU.Deploy.0 = Debug|Any CPU
		{8BE57B86-42DE-4282-9D07-48B96946BC32}.Debug|ARM.ActiveCfg = Debug|Any CPU
		{8BE57B86-42DE-4282-9D07-48B96946BC32}.Debug|ARM.Build.0 = Debug|Any CPU
		{8BE57B86-42DE-4282-9D07-48B96946BC32}.Debug|ARM.Deploy.0 = Debug|Any CPU
		{8BE57B86-42DE-4282-9D07-48B96946BC32}.Debug|iPhone.ActiveCfg = Debug|Any CPU
		{8BE57B86-42DE-4282-9D07-48B96946BC32}.Debug|iPhone.Build.0 = Debug|Any CPU
		{8BE57B86-42DE-4282-9D07-48B96946BC32}.Debug|iPhone.Deploy.0 = Debug|Any CPU
		{8BE57B86-42DE-4282-9D07-48B96946BC32}.Debug|iPhoneSimulator.ActiveCfg = Debug|Any CPU
		{8BE57B86-42DE-4282-9D07-48B96946BC32}.Debug|iPhoneSimulator.Build.0 = Debug|Any CPU
		{8BE57B86-42DE-4282-9D07-48B96946BC32}.Debug|iPhoneSimulator.Deploy.0 = Debug|Any CPU
		{8BE57B86-42DE-4282-9D07-48B96946BC32}.Debug|x64.ActiveCfg = Debug|Any CPU
		{8BE57B86-42DE-4282-9D07-48B96946BC32}.Debug|x64.Build.0 = Debug|Any CPU
		{8BE57B86-42DE-4282-9D07-48B96946BC32}.Debug|x64.Deploy.0 = Debug|Any CPU
		{8BE57B86-42DE-4282-9D07-48B96946BC32}.Debug|x86.ActiveCfg = Debug|Any CPU
		{8BE57B86-42DE-4282-9D07-48B96946BC32}.Debug|x86.Build.0 = Debug|Any CPU
		{8BE57B86-42DE-4282-9D07-48B96946BC32}.Debug|x86.Deploy.0 = Debug|Any CPU
		{8BE57B86-42DE-4282-9D07-48B96946BC32}.Release|Any CPU.ActiveCfg = Release|Any CPU
		{8BE57B86-42DE-4282-9D07-48B96946BC32}.Release|Any CPU.Build.0 = Release|Any CPU
		{8BE57B86-42DE-4282-9D07-48B96946BC32}.Release|Any CPU.Deploy.0 = Release|Any CPU
		{8BE57B86-42DE-4282-9D07-48B96946BC32}.Release|ARM.ActiveCfg = Release|Any CPU
		{8BE57B86-42DE-4282-9D07-48B96946BC32}.Release|ARM.Build.0 = Release|Any CPU
		{8BE57B86-42DE-4282-9D07-48B96946BC32}.Release|ARM.Deploy.0 = Release|Any CPU
		{8BE57B86-42DE-4282-9D07-48B96946BC32}.Release|iPhone.ActiveCfg = Release|Any CPU
		{8BE57B86-42DE-4282-9D07-48B96946BC32}.Release|iPhone.Build.0 = Release|Any CPU
		{8BE57B86-42DE-4282-9D07-48B96946BC32}.Release|iPhone.Deploy.0 = Release|Any CPU
		{8BE57B86-42DE-4282-9D07-48B96946BC32}.Release|iPhoneSimulator.ActiveCfg = Release|Any CPU
		{8BE57B86-42DE-4282-9D07-48B96946BC32}.Release|iPhoneSimulator.Build.0 = Release|Any CPU
		{8BE57B86-42DE-4282-9D07-48B96946BC32}.Release|iPhoneSimulator.Deploy.0 = Release|Any CPU
		{8BE57B86-42DE-4282-9D07-48B96946BC32}.Release|x64.ActiveCfg = Release|Any CPU
		{8BE57B86-42DE-4282-9D07-48B96946BC32}.Release|x64.Build.0 = Release|Any CPU
		{8BE57B86-42DE-4282-9D07-48B96946BC32}.Release|x64.Deploy.0 = Release|Any CPU
		{8BE57B86-42DE-4282-9D07-48B96946BC32}.Release|x86.ActiveCfg = Release|Any CPU
		{8BE57B86-42DE-4282-9D07-48B96946BC32}.Release|x86.Build.0 = Release|Any CPU
		{8BE57B86-42DE-4282-9D07-48B96946BC32}.Release|x86.Deploy.0 = Release|Any CPU
		{FE0CB94F-DCA3-4374-80BD-9E4D5DD90895}.Ad-Hoc|Any CPU.ActiveCfg = Ad-Hoc|iPhone
		{FE0CB94F-DCA3-4374-80BD-9E4D5DD90895}.Ad-Hoc|ARM.ActiveCfg = Ad-Hoc|iPhone
		{FE0CB94F-DCA3-4374-80BD-9E4D5DD90895}.Ad-Hoc|iPhone.ActiveCfg = Ad-Hoc|iPhone
		{FE0CB94F-DCA3-4374-80BD-9E4D5DD90895}.Ad-Hoc|iPhone.Build.0 = Ad-Hoc|iPhone
		{FE0CB94F-DCA3-4374-80BD-9E4D5DD90895}.Ad-Hoc|iPhoneSimulator.ActiveCfg = Ad-Hoc|iPhoneSimulator
		{FE0CB94F-DCA3-4374-80BD-9E4D5DD90895}.Ad-Hoc|iPhoneSimulator.Build.0 = Ad-Hoc|iPhoneSimulator
		{FE0CB94F-DCA3-4374-80BD-9E4D5DD90895}.Ad-Hoc|x64.ActiveCfg = Ad-Hoc|iPhone
		{FE0CB94F-DCA3-4374-80BD-9E4D5DD90895}.Ad-Hoc|x86.ActiveCfg = Ad-Hoc|iPhone
		{FE0CB94F-DCA3-4374-80BD-9E4D5DD90895}.AppStore|Any CPU.ActiveCfg = AppStore|iPhone
		{FE0CB94F-DCA3-4374-80BD-9E4D5DD90895}.AppStore|ARM.ActiveCfg = AppStore|iPhone
		{FE0CB94F-DCA3-4374-80BD-9E4D5DD90895}.AppStore|iPhone.ActiveCfg = AppStore|iPhone
		{FE0CB94F-DCA3-4374-80BD-9E4D5DD90895}.AppStore|iPhone.Build.0 = AppStore|iPhone
		{FE0CB94F-DCA3-4374-80BD-9E4D5DD90895}.AppStore|iPhoneSimulator.ActiveCfg = AppStore|iPhoneSimulator
		{FE0CB94F-DCA3-4374-80BD-9E4D5DD90895}.AppStore|iPhoneSimulator.Build.0 = AppStore|iPhoneSimulator
		{FE0CB94F-DCA3-4374-80BD-9E4D5DD90895}.AppStore|x64.ActiveCfg = AppStore|iPhone
		{FE0CB94F-DCA3-4374-80BD-9E4D5DD90895}.AppStore|x86.ActiveCfg = AppStore|iPhone
		{FE0CB94F-DCA3-4374-80BD-9E4D5DD90895}.Debug|Any CPU.ActiveCfg = Debug|iPhone
		{FE0CB94F-DCA3-4374-80BD-9E4D5DD90895}.Debug|ARM.ActiveCfg = Debug|iPhone
		{FE0CB94F-DCA3-4374-80BD-9E4D5DD90895}.Debug|iPhone.ActiveCfg = Debug|iPhone
		{FE0CB94F-DCA3-4374-80BD-9E4D5DD90895}.Debug|iPhone.Build.0 = Debug|iPhone
		{FE0CB94F-DCA3-4374-80BD-9E4D5DD90895}.Debug|iPhoneSimulator.ActiveCfg = Debug|iPhoneSimulator
		{FE0CB94F-DCA3-4374-80BD-9E4D5DD90895}.Debug|iPhoneSimulator.Build.0 = Debug|iPhoneSimulator
		{FE0CB94F-DCA3-4374-80BD-9E4D5DD90895}.Debug|x64.ActiveCfg = Debug|iPhone
		{FE0CB94F-DCA3-4374-80BD-9E4D5DD90895}.Debug|x86.ActiveCfg = Debug|iPhone
		{FE0CB94F-DCA3-4374-80BD-9E4D5DD90895}.Release|Any CPU.ActiveCfg = Release|iPhone
		{FE0CB94F-DCA3-4374-80BD-9E4D5DD90895}.Release|ARM.ActiveCfg = Release|iPhone
		{FE0CB94F-DCA3-4374-80BD-9E4D5DD90895}.Release|iPhone.ActiveCfg = Release|iPhone
		{FE0CB94F-DCA3-4374-80BD-9E4D5DD90895}.Release|iPhone.Build.0 = Release|iPhone
		{FE0CB94F-DCA3-4374-80BD-9E4D5DD90895}.Release|iPhoneSimulator.ActiveCfg = Release|iPhoneSimulator
		{FE0CB94F-DCA3-4374-80BD-9E4D5DD90895}.Release|iPhoneSimulator.Build.0 = Release|iPhoneSimulator
		{FE0CB94F-DCA3-4374-80BD-9E4D5DD90895}.Release|x64.ActiveCfg = Release|iPhone
		{FE0CB94F-DCA3-4374-80BD-9E4D5DD90895}.Release|x86.ActiveCfg = Release|iPhone
		{B36F039C-3462-4DEA-B50A-7195797EA85C}.Ad-Hoc|Any CPU.ActiveCfg = Release|Any CPU
		{B36F039C-3462-4DEA-B50A-7195797EA85C}.Ad-Hoc|Any CPU.Build.0 = Release|Any CPU
		{B36F039C-3462-4DEA-B50A-7195797EA85C}.Ad-Hoc|ARM.ActiveCfg = Release|Any CPU
		{B36F039C-3462-4DEA-B50A-7195797EA85C}.Ad-Hoc|ARM.Build.0 = Release|Any CPU
		{B36F039C-3462-4DEA-B50A-7195797EA85C}.Ad-Hoc|iPhone.ActiveCfg = Release|Any CPU
		{B36F039C-3462-4DEA-B50A-7195797EA85C}.Ad-Hoc|iPhone.Build.0 = Release|Any CPU
		{B36F039C-3462-4DEA-B50A-7195797EA85C}.Ad-Hoc|iPhoneSimulator.ActiveCfg = Release|Any CPU
		{B36F039C-3462-4DEA-B50A-7195797EA85C}.Ad-Hoc|iPhoneSimulator.Build.0 = Release|Any CPU
		{B36F039C-3462-4DEA-B50A-7195797EA85C}.Ad-Hoc|x64.ActiveCfg = Release|Any CPU
		{B36F039C-3462-4DEA-B50A-7195797EA85C}.Ad-Hoc|x64.Build.0 = Release|Any CPU
		{B36F039C-3462-4DEA-B50A-7195797EA85C}.Ad-Hoc|x86.ActiveCfg = Release|Any CPU
		{B36F039C-3462-4DEA-B50A-7195797EA85C}.Ad-Hoc|x86.Build.0 = Release|Any CPU
		{B36F039C-3462-4DEA-B50A-7195797EA85C}.AppStore|Any CPU.ActiveCfg = Release|Any CPU
		{B36F039C-3462-4DEA-B50A-7195797EA85C}.AppStore|Any CPU.Build.0 = Release|Any CPU
		{B36F039C-3462-4DEA-B50A-7195797EA85C}.AppStore|ARM.ActiveCfg = Release|Any CPU
		{B36F039C-3462-4DEA-B50A-7195797EA85C}.AppStore|ARM.Build.0 = Release|Any CPU
		{B36F039C-3462-4DEA-B50A-7195797EA85C}.AppStore|iPhone.ActiveCfg = Release|Any CPU
		{B36F039C-3462-4DEA-B50A-7195797EA85C}.AppStore|iPhone.Build.0 = Release|Any CPU
		{B36F039C-3462-4DEA-B50A-7195797EA85C}.AppStore|iPhoneSimulator.ActiveCfg = Release|Any CPU
		{B36F039C-3462-4DEA-B50A-7195797EA85C}.AppStore|iPhoneSimulator.Build.0 = Release|Any CPU
		{B36F039C-3462-4DEA-B50A-7195797EA85C}.AppStore|x64.ActiveCfg = Release|Any CPU
		{B36F039C-3462-4DEA-B50A-7195797EA85C}.AppStore|x64.Build.0 = Release|Any CPU
		{B36F039C-3462-4DEA-B50A-7195797EA85C}.AppStore|x86.ActiveCfg = Release|Any CPU
		{B36F039C-3462-4DEA-B50A-7195797EA85C}.AppStore|x86.Build.0 = Release|Any CPU
		{B36F039C-3462-4DEA-B50A-7195797EA85C}.Debug|Any CPU.ActiveCfg = Debug|Any CPU
		{B36F039C-3462-4DEA-B50A-7195797EA85C}.Debug|Any CPU.Build.0 = Debug|Any CPU
		{B36F039C-3462-4DEA-B50A-7195797EA85C}.Debug|ARM.ActiveCfg = Debug|Any CPU
		{B36F039C-3462-4DEA-B50A-7195797EA85C}.Debug|ARM.Build.0 = Debug|Any CPU
		{B36F039C-3462-4DEA-B50A-7195797EA85C}.Debug|iPhone.ActiveCfg = Debug|Any CPU
		{B36F039C-3462-4DEA-B50A-7195797EA85C}.Debug|iPhone.Build.0 = Debug|Any CPU
		{B36F039C-3462-4DEA-B50A-7195797EA85C}.Debug|iPhoneSimulator.ActiveCfg = Debug|Any CPU
		{B36F039C-3462-4DEA-B50A-7195797EA85C}.Debug|iPhoneSimulator.Build.0 = Debug|Any CPU
		{B36F039C-3462-4DEA-B50A-7195797EA85C}.Debug|x64.ActiveCfg = Debug|Any CPU
		{B36F039C-3462-4DEA-B50A-7195797EA85C}.Debug|x64.Build.0 = Debug|Any CPU
		{B36F039C-3462-4DEA-B50A-7195797EA85C}.Debug|x86.ActiveCfg = Debug|Any CPU
		{B36F039C-3462-4DEA-B50A-7195797EA85C}.Debug|x86.Build.0 = Debug|Any CPU
		{B36F039C-3462-4DEA-B50A-7195797EA85C}.Release|Any CPU.ActiveCfg = Release|Any CPU
		{B36F039C-3462-4DEA-B50A-7195797EA85C}.Release|Any CPU.Build.0 = Release|Any CPU
		{B36F039C-3462-4DEA-B50A-7195797EA85C}.Release|ARM.ActiveCfg = Release|Any CPU
		{B36F039C-3462-4DEA-B50A-7195797EA85C}.Release|ARM.Build.0 = Release|Any CPU
		{B36F039C-3462-4DEA-B50A-7195797EA85C}.Release|iPhone.ActiveCfg = Release|Any CPU
		{B36F039C-3462-4DEA-B50A-7195797EA85C}.Release|iPhone.Build.0 = Release|Any CPU
		{B36F039C-3462-4DEA-B50A-7195797EA85C}.Release|iPhoneSimulator.ActiveCfg = Release|Any CPU
		{B36F039C-3462-4DEA-B50A-7195797EA85C}.Release|iPhoneSimulator.Build.0 = Release|Any CPU
		{B36F039C-3462-4DEA-B50A-7195797EA85C}.Release|x64.ActiveCfg = Release|Any CPU
		{B36F039C-3462-4DEA-B50A-7195797EA85C}.Release|x64.Build.0 = Release|Any CPU
		{B36F039C-3462-4DEA-B50A-7195797EA85C}.Release|x86.ActiveCfg = Release|Any CPU
		{B36F039C-3462-4DEA-B50A-7195797EA85C}.Release|x86.Build.0 = Release|Any CPU
	EndGlobalSection
	GlobalSection(SolutionProperties) = preSolution
		HideSolutionNode = FALSE
	EndGlobalSection
EndGlobal
