
Microsoft Visual Studio Solution File, Format Version 12.00
# Visual Studio 14
VisualStudioVersion = 14.0.25420.1
MinimumVisualStudioVersion = 10.0.40219.1
Project("{FAE04EC0-301F-11D3-BF4B-00C04F79EFBC}") = "AplicacionEjemplo", "AplicacionEjemplo\AplicacionEjemplo\AplicacionEjemplo.csproj", "{15CF04E7-F96D-496D-B59F-03017FA5159F}"
EndProject
Project("{FAE04EC0-301F-11D3-BF4B-00C04F79EFBC}") = "AplicacionEjemplo.Droid", "AplicacionEjemplo\AplicacionEjemplo.Droid\AplicacionEjemplo.Droid.csproj", "{F0A6869A-7683-4C2A-B14F-A7E13BD0480A}"
EndProject
Project("{FAE04EC0-301F-11D3-BF4B-00C04F79EFBC}") = "AplicacionEjemplo.iOS", "AplicacionEjemplo\AplicacionEjemplo.iOS\AplicacionEjemplo.iOS.csproj", "{42D6C709-27E4-4455-BC23-D2B7FF1E006F}"
EndProject
Project("{FAE04EC0-301F-11D3-BF4B-00C04F79EFBC}") = "AplicacionEjemplo.WinPhone", "AplicacionEjemplo\AplicacionEjemplo.WinPhone\AplicacionEjemplo.WinPhone.csproj", "{11848807-AA25-477F-9C11-979A55D20FDC}"
EndProject
Project("{FAE04EC0-301F-11D3-BF4B-00C04F79EFBC}") = "AplicacionEjemplo.UWP", "AplicacionEjemplo\AplicacionEjemplo.UWP\AplicacionEjemplo.UWP.csproj", "{56F405A0-2757-4715-BC2B-93F955BE7CA2}"
EndProject
Project("{FAE04EC0-301F-11D3-BF4B-00C04F79EFBC}") = "AplicacionEjemplo.Windows", "AplicacionEjemplo\AplicacionEjemplo.Windows\AplicacionEjemplo.Windows.csproj", "{9B8D1F78-E745-42E5-AF1A-4C96B7C72665}"
EndProject
Global
	GlobalSection(SolutionConfigurationPlatforms) = preSolution
		Ad-Hoc|Any CPU = Ad-Hoc|Any CPU
		Ad-Hoc|ARM = Ad-Hoc|ARM
		Ad-Hoc|iPhone = Ad-Hoc|iPhone
		Ad-Hoc|iPhoneSimulator = Ad-Hoc|iPhoneSimulator
		Ad-Hoc|x64 = Ad-Hoc|x64
		Ad-Hoc|x86 = Ad-Hoc|x86
		AppStore|Any CPU = AppStore|Any CPU
		AppStore|ARM = AppStore|ARM
		AppStore|iPhone = AppStore|iPhone
		AppStore|iPhoneSimulator = AppStore|iPhoneSimulator
		AppStore|x64 = AppStore|x64
		AppStore|x86 = AppStore|x86
		Debug|Any CPU = Debug|Any CPU
		Debug|ARM = Debug|ARM
		Debug|iPhone = Debug|iPhone
		Debug|iPhoneSimulator = Debug|iPhoneSimulator
		Debug|x64 = Debug|x64
		Debug|x86 = Debug|x86
		Release|Any CPU = Release|Any CPU
		Release|ARM = Release|ARM
		Release|iPhone = Release|iPhone
		Release|iPhoneSimulator = Release|iPhoneSimulator
		Release|x64 = Release|x64
		Release|x86 = Release|x86
	EndGlobalSection
	GlobalSection(ProjectConfigurationPlatforms) = postSolution
		{15CF04E7-F96D-496D-B59F-03017FA5159F}.Ad-Hoc|Any CPU.ActiveCfg = Release|Any CPU
		{15CF04E7-F96D-496D-B59F-03017FA5159F}.Ad-Hoc|Any CPU.Build.0 = Release|Any CPU
		{15CF04E7-F96D-496D-B59F-03017FA5159F}.Ad-Hoc|ARM.ActiveCfg = Release|Any CPU
		{15CF04E7-F96D-496D-B59F-03017FA5159F}.Ad-Hoc|ARM.Build.0 = Release|Any CPU
		{15CF04E7-F96D-496D-B59F-03017FA5159F}.Ad-Hoc|iPhone.ActiveCfg = Release|Any CPU
		{15CF04E7-F96D-496D-B59F-03017FA5159F}.Ad-Hoc|iPhone.Build.0 = Release|Any CPU
		{15CF04E7-F96D-496D-B59F-03017FA5159F}.Ad-Hoc|iPhoneSimulator.ActiveCfg = Release|Any CPU
		{15CF04E7-F96D-496D-B59F-03017FA5159F}.Ad-Hoc|iPhoneSimulator.Build.0 = Release|Any CPU
		{15CF04E7-F96D-496D-B59F-03017FA5159F}.Ad-Hoc|x64.ActiveCfg = Release|Any CPU
		{15CF04E7-F96D-496D-B59F-03017FA5159F}.Ad-Hoc|x64.Build.0 = Release|Any CPU
		{15CF04E7-F96D-496D-B59F-03017FA5159F}.Ad-Hoc|x86.ActiveCfg = Release|Any CPU
		{15CF04E7-F96D-496D-B59F-03017FA5159F}.Ad-Hoc|x86.Build.0 = Release|Any CPU
		{15CF04E7-F96D-496D-B59F-03017FA5159F}.AppStore|Any CPU.ActiveCfg = Release|Any CPU
		{15CF04E7-F96D-496D-B59F-03017FA5159F}.AppStore|Any CPU.Build.0 = Release|Any CPU
		{15CF04E7-F96D-496D-B59F-03017FA5159F}.AppStore|ARM.ActiveCfg = Release|Any CPU
		{15CF04E7-F96D-496D-B59F-03017FA5159F}.AppStore|ARM.Build.0 = Release|Any CPU
		{15CF04E7-F96D-496D-B59F-03017FA5159F}.AppStore|iPhone.ActiveCfg = Release|Any CPU
		{15CF04E7-F96D-496D-B59F-03017FA5159F}.AppStore|iPhone.Build.0 = Release|Any CPU
		{15CF04E7-F96D-496D-B59F-03017FA5159F}.AppStore|iPhoneSimulator.ActiveCfg = Release|Any CPU
		{15CF04E7-F96D-496D-B59F-03017FA5159F}.AppStore|iPhoneSimulator.Build.0 = Release|Any CPU
		{15CF04E7-F96D-496D-B59F-03017FA5159F}.AppStore|x64.ActiveCfg = Release|Any CPU
		{15CF04E7-F96D-496D-B59F-03017FA5159F}.AppStore|x64.Build.0 = Release|Any CPU
		{15CF04E7-F96D-496D-B59F-03017FA5159F}.AppStore|x86.ActiveCfg = Release|Any CPU
		{15CF04E7-F96D-496D-B59F-03017FA5159F}.AppStore|x86.Build.0 = Release|Any CPU
		{15CF04E7-F96D-496D-B59F-03017FA5159F}.Debug|Any CPU.ActiveCfg = Debug|Any CPU
		{15CF04E7-F96D-496D-B59F-03017FA5159F}.Debug|Any CPU.Build.0 = Debug|Any CPU
		{15CF04E7-F96D-496D-B59F-03017FA5159F}.Debug|ARM.ActiveCfg = Debug|Any CPU
		{15CF04E7-F96D-496D-B59F-03017FA5159F}.Debug|ARM.Build.0 = Debug|Any CPU
		{15CF04E7-F96D-496D-B59F-03017FA5159F}.Debug|iPhone.ActiveCfg = Debug|Any CPU
		{15CF04E7-F96D-496D-B59F-03017FA5159F}.Debug|iPhone.Build.0 = Debug|Any CPU
		{15CF04E7-F96D-496D-B59F-03017FA5159F}.Debug|iPhoneSimulator.ActiveCfg = Debug|Any CPU
		{15CF04E7-F96D-496D-B59F-03017FA5159F}.Debug|iPhoneSimulator.Build.0 = Debug|Any CPU
		{15CF04E7-F96D-496D-B59F-03017FA5159F}.Debug|x64.ActiveCfg = Debug|Any CPU
		{15CF04E7-F96D-496D-B59F-03017FA5159F}.Debug|x64.Build.0 = Debug|Any CPU
		{15CF04E7-F96D-496D-B59F-03017FA5159F}.Debug|x86.ActiveCfg = Debug|Any CPU
		{15CF04E7-F96D-496D-B59F-03017FA5159F}.Debug|x86.Build.0 = Debug|Any CPU
		{15CF04E7-F96D-496D-B59F-03017FA5159F}.Release|Any CPU.ActiveCfg = Release|Any CPU
		{15CF04E7-F96D-496D-B59F-03017FA5159F}.Release|Any CPU.Build.0 = Release|Any CPU
		{15CF04E7-F96D-496D-B59F-03017FA5159F}.Release|ARM.ActiveCfg = Release|Any CPU
		{15CF04E7-F96D-496D-B59F-03017FA5159F}.Release|ARM.Build.0 = Release|Any CPU
		{15CF04E7-F96D-496D-B59F-03017FA5159F}.Release|iPhone.ActiveCfg = Release|Any CPU
		{15CF04E7-F96D-496D-B59F-03017FA5159F}.Release|iPhone.Build.0 = Release|Any CPU
		{15CF04E7-F96D-496D-B59F-03017FA5159F}.Release|iPhoneSimulator.ActiveCfg = Release|Any CPU
		{15CF04E7-F96D-496D-B59F-03017FA5159F}.Release|iPhoneSimulator.Build.0 = Release|Any CPU
		{15CF04E7-F96D-496D-B59F-03017FA5159F}.Release|x64.ActiveCfg = Release|Any CPU
		{15CF04E7-F96D-496D-B59F-03017FA5159F}.Release|x64.Build.0 = Release|Any CPU
		{15CF04E7-F96D-496D-B59F-03017FA5159F}.Release|x86.ActiveCfg = Release|Any CPU
		{15CF04E7-F96D-496D-B59F-03017FA5159F}.Release|x86.Build.0 = Release|Any CPU
		{F0A6869A-7683-4C2A-B14F-A7E13BD0480A}.Ad-Hoc|Any CPU.ActiveCfg = Release|Any CPU
		{F0A6869A-7683-4C2A-B14F-A7E13BD0480A}.Ad-Hoc|Any CPU.Build.0 = Release|Any CPU
		{F0A6869A-7683-4C2A-B14F-A7E13BD0480A}.Ad-Hoc|Any CPU.Deploy.0 = Release|Any CPU
		{F0A6869A-7683-4C2A-B14F-A7E13BD0480A}.Ad-Hoc|ARM.ActiveCfg = Release|Any CPU
		{F0A6869A-7683-4C2A-B14F-A7E13BD0480A}.Ad-Hoc|ARM.Build.0 = Release|Any CPU
		{F0A6869A-7683-4C2A-B14F-A7E13BD0480A}.Ad-Hoc|ARM.Deploy.0 = Release|Any CPU
		{F0A6869A-7683-4C2A-B14F-A7E13BD0480A}.Ad-Hoc|iPhone.ActiveCfg = Release|Any CPU
		{F0A6869A-7683-4C2A-B14F-A7E13BD0480A}.Ad-Hoc|iPhone.Build.0 = Release|Any CPU
		{F0A6869A-7683-4C2A-B14F-A7E13BD0480A}.Ad-Hoc|iPhone.Deploy.0 = Release|Any CPU
		{F0A6869A-7683-4C2A-B14F-A7E13BD0480A}.Ad-Hoc|iPhoneSimulator.ActiveCfg = Release|Any CPU
		{F0A6869A-7683-4C2A-B14F-A7E13BD0480A}.Ad-Hoc|iPhoneSimulator.Build.0 = Release|Any CPU
		{F0A6869A-7683-4C2A-B14F-A7E13BD0480A}.Ad-Hoc|iPhoneSimulator.Deploy.0 = Release|Any CPU
		{F0A6869A-7683-4C2A-B14F-A7E13BD0480A}.Ad-Hoc|x64.ActiveCfg = Release|Any CPU
		{F0A6869A-7683-4C2A-B14F-A7E13BD0480A}.Ad-Hoc|x64.Build.0 = Release|Any CPU
		{F0A6869A-7683-4C2A-B14F-A7E13BD0480A}.Ad-Hoc|x64.Deploy.0 = Release|Any CPU
		{F0A6869A-7683-4C2A-B14F-A7E13BD0480A}.Ad-Hoc|x86.ActiveCfg = Release|Any CPU
		{F0A6869A-7683-4C2A-B14F-A7E13BD0480A}.Ad-Hoc|x86.Build.0 = Release|Any CPU
		{F0A6869A-7683-4C2A-B14F-A7E13BD0480A}.Ad-Hoc|x86.Deploy.0 = Release|Any CPU
		{F0A6869A-7683-4C2A-B14F-A7E13BD0480A}.AppStore|Any CPU.ActiveCfg = Release|Any CPU
		{F0A6869A-7683-4C2A-B14F-A7E13BD0480A}.AppStore|Any CPU.Build.0 = Release|Any CPU
		{F0A6869A-7683-4C2A-B14F-A7E13BD0480A}.AppStore|Any CPU.Deploy.0 = Release|Any CPU
		{F0A6869A-7683-4C2A-B14F-A7E13BD0480A}.AppStore|ARM.ActiveCfg = Release|Any CPU
		{F0A6869A-7683-4C2A-B14F-A7E13BD0480A}.AppStore|ARM.Build.0 = Release|Any CPU
		{F0A6869A-7683-4C2A-B14F-A7E13BD0480A}.AppStore|ARM.Deploy.0 = Release|Any CPU
		{F0A6869A-7683-4C2A-B14F-A7E13BD0480A}.AppStore|iPhone.ActiveCfg = Release|Any CPU
		{F0A6869A-7683-4C2A-B14F-A7E13BD0480A}.AppStore|iPhone.Build.0 = Release|Any CPU
		{F0A6869A-7683-4C2A-B14F-A7E13BD0480A}.AppStore|iPhone.Deploy.0 = Release|Any CPU
		{F0A6869A-7683-4C2A-B14F-A7E13BD0480A}.AppStore|iPhoneSimulator.ActiveCfg = Release|Any CPU
		{F0A6869A-7683-4C2A-B14F-A7E13BD0480A}.AppStore|iPhoneSimulator.Build.0 = Release|Any CPU
		{F0A6869A-7683-4C2A-B14F-A7E13BD0480A}.AppStore|iPhoneSimulator.Deploy.0 = Release|Any CPU
		{F0A6869A-7683-4C2A-B14F-A7E13BD0480A}.AppStore|x64.ActiveCfg = Release|Any CPU
		{F0A6869A-7683-4C2A-B14F-A7E13BD0480A}.AppStore|x64.Build.0 = Release|Any CPU
		{F0A6869A-7683-4C2A-B14F-A7E13BD0480A}.AppStore|x64.Deploy.0 = Release|Any CPU
		{F0A6869A-7683-4C2A-B14F-A7E13BD0480A}.AppStore|x86.ActiveCfg = Release|Any CPU
		{F0A6869A-7683-4C2A-B14F-A7E13BD0480A}.AppStore|x86.Build.0 = Release|Any CPU
		{F0A6869A-7683-4C2A-B14F-A7E13BD0480A}.AppStore|x86.Deploy.0 = Release|Any CPU
		{F0A6869A-7683-4C2A-B14F-A7E13BD0480A}.Debug|Any CPU.ActiveCfg = Debug|Any CPU
		{F0A6869A-7683-4C2A-B14F-A7E13BD0480A}.Debug|Any CPU.Build.0 = Debug|Any CPU
		{F0A6869A-7683-4C2A-B14F-A7E13BD0480A}.Debug|Any CPU.Deploy.0 = Debug|Any CPU
		{F0A6869A-7683-4C2A-B14F-A7E13BD0480A}.Debug|ARM.ActiveCfg = Debug|Any CPU
		{F0A6869A-7683-4C2A-B14F-A7E13BD0480A}.Debug|ARM.Build.0 = Debug|Any CPU
		{F0A6869A-7683-4C2A-B14F-A7E13BD0480A}.Debug|ARM.Deploy.0 = Debug|Any CPU
		{F0A6869A-7683-4C2A-B14F-A7E13BD0480A}.Debug|iPhone.ActiveCfg = Debug|Any CPU
		{F0A6869A-7683-4C2A-B14F-A7E13BD0480A}.Debug|iPhone.Build.0 = Debug|Any CPU
		{F0A6869A-7683-4C2A-B14F-A7E13BD0480A}.Debug|iPhone.Deploy.0 = Debug|Any CPU
		{F0A6869A-7683-4C2A-B14F-A7E13BD0480A}.Debug|iPhoneSimulator.ActiveCfg = Debug|Any CPU
		{F0A6869A-7683-4C2A-B14F-A7E13BD0480A}.Debug|iPhoneSimulator.Build.0 = Debug|Any CPU
		{F0A6869A-7683-4C2A-B14F-A7E13BD0480A}.Debug|iPhoneSimulator.Deploy.0 = Debug|Any CPU
		{F0A6869A-7683-4C2A-B14F-A7E13BD0480A}.Debug|x64.ActiveCfg = Debug|Any CPU
		{F0A6869A-7683-4C2A-B14F-A7E13BD0480A}.Debug|x64.Build.0 = Debug|Any CPU
		{F0A6869A-7683-4C2A-B14F-A7E13BD0480A}.Debug|x64.Deploy.0 = Debug|Any CPU
		{F0A6869A-7683-4C2A-B14F-A7E13BD0480A}.Debug|x86.ActiveCfg = Debug|Any CPU
		{F0A6869A-7683-4C2A-B14F-A7E13BD0480A}.Debug|x86.Build.0 = Debug|Any CPU
		{F0A6869A-7683-4C2A-B14F-A7E13BD0480A}.Debug|x86.Deploy.0 = Debug|Any CPU
		{F0A6869A-7683-4C2A-B14F-A7E13BD0480A}.Release|Any CPU.ActiveCfg = Release|Any CPU
		{F0A6869A-7683-4C2A-B14F-A7E13BD0480A}.Release|Any CPU.Build.0 = Release|Any CPU
		{F0A6869A-7683-4C2A-B14F-A7E13BD0480A}.Release|Any CPU.Deploy.0 = Release|Any CPU
		{F0A6869A-7683-4C2A-B14F-A7E13BD0480A}.Release|ARM.ActiveCfg = Release|Any CPU
		{F0A6869A-7683-4C2A-B14F-A7E13BD0480A}.Release|ARM.Build.0 = Release|Any CPU
		{F0A6869A-7683-4C2A-B14F-A7E13BD0480A}.Release|ARM.Deploy.0 = Release|Any CPU
		{F0A6869A-7683-4C2A-B14F-A7E13BD0480A}.Release|iPhone.ActiveCfg = Release|Any CPU
		{F0A6869A-7683-4C2A-B14F-A7E13BD0480A}.Release|iPhone.Build.0 = Release|Any CPU
		{F0A6869A-7683-4C2A-B14F-A7E13BD0480A}.Release|iPhone.Deploy.0 = Release|Any CPU
		{F0A6869A-7683-4C2A-B14F-A7E13BD0480A}.Release|iPhoneSimulator.ActiveCfg = Release|Any CPU
		{F0A6869A-7683-4C2A-B14F-A7E13BD0480A}.Release|iPhoneSimulator.Build.0 = Release|Any CPU
		{F0A6869A-7683-4C2A-B14F-A7E13BD0480A}.Release|iPhoneSimulator.Deploy.0 = Release|Any CPU
		{F0A6869A-7683-4C2A-B14F-A7E13BD0480A}.Release|x64.ActiveCfg = Release|Any CPU
		{F0A6869A-7683-4C2A-B14F-A7E13BD0480A}.Release|x64.Build.0 = Release|Any CPU
		{F0A6869A-7683-4C2A-B14F-A7E13BD0480A}.Release|x64.Deploy.0 = Release|Any CPU
		{F0A6869A-7683-4C2A-B14F-A7E13BD0480A}.Release|x86.ActiveCfg = Release|Any CPU
		{F0A6869A-7683-4C2A-B14F-A7E13BD0480A}.Release|x86.Build.0 = Release|Any CPU
		{F0A6869A-7683-4C2A-B14F-A7E13BD0480A}.Release|x86.Deploy.0 = Release|Any CPU
		{42D6C709-27E4-4455-BC23-D2B7FF1E006F}.Ad-Hoc|Any CPU.ActiveCfg = Ad-Hoc|iPhone
		{42D6C709-27E4-4455-BC23-D2B7FF1E006F}.Ad-Hoc|ARM.ActiveCfg = Ad-Hoc|iPhone
		{42D6C709-27E4-4455-BC23-D2B7FF1E006F}.Ad-Hoc|iPhone.ActiveCfg = Ad-Hoc|iPhone
		{42D6C709-27E4-4455-BC23-D2B7FF1E006F}.Ad-Hoc|iPhone.Build.0 = Ad-Hoc|iPhone
		{42D6C709-27E4-4455-BC23-D2B7FF1E006F}.Ad-Hoc|iPhoneSimulator.ActiveCfg = Ad-Hoc|iPhoneSimulator
		{42D6C709-27E4-4455-BC23-D2B7FF1E006F}.Ad-Hoc|iPhoneSimulator.Build.0 = Ad-Hoc|iPhoneSimulator
		{42D6C709-27E4-4455-BC23-D2B7FF1E006F}.Ad-Hoc|x64.ActiveCfg = Ad-Hoc|iPhone
		{42D6C709-27E4-4455-BC23-D2B7FF1E006F}.Ad-Hoc|x86.ActiveCfg = Ad-Hoc|iPhone
		{42D6C709-27E4-4455-BC23-D2B7FF1E006F}.AppStore|Any CPU.ActiveCfg = AppStore|iPhone
		{42D6C709-27E4-4455-BC23-D2B7FF1E006F}.AppStore|ARM.ActiveCfg = AppStore|iPhone
		{42D6C709-27E4-4455-BC23-D2B7FF1E006F}.AppStore|iPhone.ActiveCfg = AppStore|iPhone
		{42D6C709-27E4-4455-BC23-D2B7FF1E006F}.AppStore|iPhone.Build.0 = AppStore|iPhone
		{42D6C709-27E4-4455-BC23-D2B7FF1E006F}.AppStore|iPhoneSimulator.ActiveCfg = AppStore|iPhoneSimulator
		{42D6C709-27E4-4455-BC23-D2B7FF1E006F}.AppStore|iPhoneSimulator.Build.0 = AppStore|iPhoneSimulator
		{42D6C709-27E4-4455-BC23-D2B7FF1E006F}.AppStore|x64.ActiveCfg = AppStore|iPhone
		{42D6C709-27E4-4455-BC23-D2B7FF1E006F}.AppStore|x86.ActiveCfg = AppStore|iPhone
		{42D6C709-27E4-4455-BC23-D2B7FF1E006F}.Debug|Any CPU.ActiveCfg = Debug|iPhone
		{42D6C709-27E4-4455-BC23-D2B7FF1E006F}.Debug|ARM.ActiveCfg = Debug|iPhone
		{42D6C709-27E4-4455-BC23-D2B7FF1E006F}.Debug|iPhone.ActiveCfg = Debug|iPhone
		{42D6C709-27E4-4455-BC23-D2B7FF1E006F}.Debug|iPhone.Build.0 = Debug|iPhone
		{42D6C709-27E4-4455-BC23-D2B7FF1E006F}.Debug|iPhoneSimulator.ActiveCfg = Debug|iPhoneSimulator
		{42D6C709-27E4-4455-BC23-D2B7FF1E006F}.Debug|iPhoneSimulator.Build.0 = Debug|iPhoneSimulator
		{42D6C709-27E4-4455-BC23-D2B7FF1E006F}.Debug|x64.ActiveCfg = Debug|iPhone
		{42D6C709-27E4-4455-BC23-D2B7FF1E006F}.Debug|x86.ActiveCfg = Debug|iPhone
		{42D6C709-27E4-4455-BC23-D2B7FF1E006F}.Release|Any CPU.ActiveCfg = Release|iPhone
		{42D6C709-27E4-4455-BC23-D2B7FF1E006F}.Release|ARM.ActiveCfg = Release|iPhone
		{42D6C709-27E4-4455-BC23-D2B7FF1E006F}.Release|iPhone.ActiveCfg = Release|iPhone
		{42D6C709-27E4-4455-BC23-D2B7FF1E006F}.Release|iPhone.Build.0 = Release|iPhone
		{42D6C709-27E4-4455-BC23-D2B7FF1E006F}.Release|iPhoneSimulator.ActiveCfg = Release|iPhoneSimulator
		{42D6C709-27E4-4455-BC23-D2B7FF1E006F}.Release|iPhoneSimulator.Build.0 = Release|iPhoneSimulator
		{42D6C709-27E4-4455-BC23-D2B7FF1E006F}.Release|x64.ActiveCfg = Release|iPhone
		{42D6C709-27E4-4455-BC23-D2B7FF1E006F}.Release|x86.ActiveCfg = Release|iPhone
		{11848807-AA25-477F-9C11-979A55D20FDC}.Ad-Hoc|Any CPU.ActiveCfg = Release|Any CPU
		{11848807-AA25-477F-9C11-979A55D20FDC}.Ad-Hoc|Any CPU.Build.0 = Release|Any CPU
		{11848807-AA25-477F-9C11-979A55D20FDC}.Ad-Hoc|Any CPU.Deploy.0 = Release|Any CPU
		{11848807-AA25-477F-9C11-979A55D20FDC}.Ad-Hoc|ARM.ActiveCfg = Release|ARM
		{11848807-AA25-477F-9C11-979A55D20FDC}.Ad-Hoc|ARM.Build.0 = Release|ARM
		{11848807-AA25-477F-9C11-979A55D20FDC}.Ad-Hoc|ARM.Deploy.0 = Release|ARM
		{11848807-AA25-477F-9C11-979A55D20FDC}.Ad-Hoc|iPhone.ActiveCfg = Release|Any CPU
		{11848807-AA25-477F-9C11-979A55D20FDC}.Ad-Hoc|iPhone.Build.0 = Release|Any CPU
		{11848807-AA25-477F-9C11-979A55D20FDC}.Ad-Hoc|iPhone.Deploy.0 = Release|Any CPU
		{11848807-AA25-477F-9C11-979A55D20FDC}.Ad-Hoc|iPhoneSimulator.ActiveCfg = Release|Any CPU
		{11848807-AA25-477F-9C11-979A55D20FDC}.Ad-Hoc|iPhoneSimulator.Build.0 = Release|Any CPU
		{11848807-AA25-477F-9C11-979A55D20FDC}.Ad-Hoc|iPhoneSimulator.Deploy.0 = Release|Any CPU
		{11848807-AA25-477F-9C11-979A55D20FDC}.Ad-Hoc|x64.ActiveCfg = Release|Any CPU
		{11848807-AA25-477F-9C11-979A55D20FDC}.Ad-Hoc|x64.Build.0 = Release|Any CPU
		{11848807-AA25-477F-9C11-979A55D20FDC}.Ad-Hoc|x64.Deploy.0 = Release|Any CPU
		{11848807-AA25-477F-9C11-979A55D20FDC}.Ad-Hoc|x86.ActiveCfg = Release|x86
		{11848807-AA25-477F-9C11-979A55D20FDC}.Ad-Hoc|x86.Build.0 = Release|x86
		{11848807-AA25-477F-9C11-979A55D20FDC}.Ad-Hoc|x86.Deploy.0 = Release|x86
		{11848807-AA25-477F-9C11-979A55D20FDC}.AppStore|Any CPU.ActiveCfg = Release|Any CPU
		{11848807-AA25-477F-9C11-979A55D20FDC}.AppStore|Any CPU.Build.0 = Release|Any CPU
		{11848807-AA25-477F-9C11-979A55D20FDC}.AppStore|Any CPU.Deploy.0 = Release|Any CPU
		{11848807-AA25-477F-9C11-979A55D20FDC}.AppStore|ARM.ActiveCfg = Release|ARM
		{11848807-AA25-477F-9C11-979A55D20FDC}.AppStore|ARM.Build.0 = Release|ARM
		{11848807-AA25-477F-9C11-979A55D20FDC}.AppStore|ARM.Deploy.0 = Release|ARM
		{11848807-AA25-477F-9C11-979A55D20FDC}.AppStore|iPhone.ActiveCfg = Release|Any CPU
		{11848807-AA25-477F-9C11-979A55D20FDC}.AppStore|iPhone.Build.0 = Release|Any CPU
		{11848807-AA25-477F-9C11-979A55D20FDC}.AppStore|iPhone.Deploy.0 = Release|Any CPU
		{11848807-AA25-477F-9C11-979A55D20FDC}.AppStore|iPhoneSimulator.ActiveCfg = Release|Any CPU
		{11848807-AA25-477F-9C11-979A55D20FDC}.AppStore|iPhoneSimulator.Build.0 = Release|Any CPU
		{11848807-AA25-477F-9C11-979A55D20FDC}.AppStore|iPhoneSimulator.Deploy.0 = Release|Any CPU
		{11848807-AA25-477F-9C11-979A55D20FDC}.AppStore|x64.ActiveCfg = Release|Any CPU
		{11848807-AA25-477F-9C11-979A55D20FDC}.AppStore|x64.Build.0 = Release|Any CPU
		{11848807-AA25-477F-9C11-979A55D20FDC}.AppStore|x64.Deploy.0 = Release|Any CPU
		{11848807-AA25-477F-9C11-979A55D20FDC}.AppStore|x86.ActiveCfg = Release|x86
		{11848807-AA25-477F-9C11-979A55D20FDC}.AppStore|x86.Build.0 = Release|x86
		{11848807-AA25-477F-9C11-979A55D20FDC}.AppStore|x86.Deploy.0 = Release|x86
		{11848807-AA25-477F-9C11-979A55D20FDC}.Debug|Any CPU.ActiveCfg = Debug|Any CPU
		{11848807-AA25-477F-9C11-979A55D20FDC}.Debug|Any CPU.Build.0 = Debug|Any CPU
		{11848807-AA25-477F-9C11-979A55D20FDC}.Debug|Any CPU.Deploy.0 = Debug|Any CPU
		{11848807-AA25-477F-9C11-979A55D20FDC}.Debug|ARM.ActiveCfg = Debug|ARM
		{11848807-AA25-477F-9C11-979A55D20FDC}.Debug|ARM.Build.0 = Debug|ARM
		{11848807-AA25-477F-9C11-979A55D20FDC}.Debug|ARM.Deploy.0 = Debug|ARM
		{11848807-AA25-477F-9C11-979A55D20FDC}.Debug|iPhone.ActiveCfg = Debug|Any CPU
		{11848807-AA25-477F-9C11-979A55D20FDC}.Debug|iPhone.Build.0 = Debug|Any CPU
		{11848807-AA25-477F-9C11-979A55D20FDC}.Debug|iPhone.Deploy.0 = Debug|Any CPU
		{11848807-AA25-477F-9C11-979A55D20FDC}.Debug|iPhoneSimulator.ActiveCfg = Debug|Any CPU
		{11848807-AA25-477F-9C11-979A55D20FDC}.Debug|iPhoneSimulator.Build.0 = Debug|Any CPU
		{11848807-AA25-477F-9C11-979A55D20FDC}.Debug|iPhoneSimulator.Deploy.0 = Debug|Any CPU
		{11848807-AA25-477F-9C11-979A55D20FDC}.Debug|x64.ActiveCfg = Debug|Any CPU
		{11848807-AA25-477F-9C11-979A55D20FDC}.Debug|x64.Build.0 = Debug|Any CPU
		{11848807-AA25-477F-9C11-979A55D20FDC}.Debug|x64.Deploy.0 = Debug|Any CPU
		{11848807-AA25-477F-9C11-979A55D20FDC}.Debug|x86.ActiveCfg = Debug|x86
		{11848807-AA25-477F-9C11-979A55D20FDC}.Debug|x86.Build.0 = Debug|x86
		{11848807-AA25-477F-9C11-979A55D20FDC}.Debug|x86.Deploy.0 = Debug|x86
		{11848807-AA25-477F-9C11-979A55D20FDC}.Release|Any CPU.ActiveCfg = Release|Any CPU
		{11848807-AA25-477F-9C11-979A55D20FDC}.Release|Any CPU.Build.0 = Release|Any CPU
		{11848807-AA25-477F-9C11-979A55D20FDC}.Release|Any CPU.Deploy.0 = Release|Any CPU
		{11848807-AA25-477F-9C11-979A55D20FDC}.Release|ARM.ActiveCfg = Release|ARM
		{11848807-AA25-477F-9C11-979A55D20FDC}.Release|ARM.Build.0 = Release|ARM
		{11848807-AA25-477F-9C11-979A55D20FDC}.Release|ARM.Deploy.0 = Release|ARM
		{11848807-AA25-477F-9C11-979A55D20FDC}.Release|iPhone.ActiveCfg = Release|Any CPU
		{11848807-AA25-477F-9C11-979A55D20FDC}.Release|iPhone.Build.0 = Release|Any CPU
		{11848807-AA25-477F-9C11-979A55D20FDC}.Release|iPhone.Deploy.0 = Release|Any CPU
		{11848807-AA25-477F-9C11-979A55D20FDC}.Release|iPhoneSimulator.ActiveCfg = Release|Any CPU
		{11848807-AA25-477F-9C11-979A55D20FDC}.Release|iPhoneSimulator.Build.0 = Release|Any CPU
		{11848807-AA25-477F-9C11-979A55D20FDC}.Release|iPhoneSimulator.Deploy.0 = Release|Any CPU
		{11848807-AA25-477F-9C11-979A55D20FDC}.Release|x64.ActiveCfg = Release|Any CPU
		{11848807-AA25-477F-9C11-979A55D20FDC}.Release|x64.Build.0 = Release|Any CPU
		{11848807-AA25-477F-9C11-979A55D20FDC}.Release|x64.Deploy.0 = Release|Any CPU
		{11848807-AA25-477F-9C11-979A55D20FDC}.Release|x86.ActiveCfg = Release|x86
		{11848807-AA25-477F-9C11-979A55D20FDC}.Release|x86.Build.0 = Release|x86
		{11848807-AA25-477F-9C11-979A55D20FDC}.Release|x86.Deploy.0 = Release|x86
		{56F405A0-2757-4715-BC2B-93F955BE7CA2}.Ad-Hoc|Any CPU.ActiveCfg = Release|x86
		{56F405A0-2757-4715-BC2B-93F955BE7CA2}.Ad-Hoc|Any CPU.Build.0 = Release|x86
		{56F405A0-2757-4715-BC2B-93F955BE7CA2}.Ad-Hoc|Any CPU.Deploy.0 = Release|x86
		{56F405A0-2757-4715-BC2B-93F955BE7CA2}.Ad-Hoc|ARM.ActiveCfg = Release|ARM
		{56F405A0-2757-4715-BC2B-93F955BE7CA2}.Ad-Hoc|ARM.Build.0 = Release|ARM
		{56F405A0-2757-4715-BC2B-93F955BE7CA2}.Ad-Hoc|ARM.Deploy.0 = Release|ARM
		{56F405A0-2757-4715-BC2B-93F955BE7CA2}.Ad-Hoc|iPhone.ActiveCfg = Release|x86
		{56F405A0-2757-4715-BC2B-93F955BE7CA2}.Ad-Hoc|iPhone.Build.0 = Release|x86
		{56F405A0-2757-4715-BC2B-93F955BE7CA2}.Ad-Hoc|iPhone.Deploy.0 = Release|x86
		{56F405A0-2757-4715-BC2B-93F955BE7CA2}.Ad-Hoc|iPhoneSimulator.ActiveCfg = Release|x86
		{56F405A0-2757-4715-BC2B-93F955BE7CA2}.Ad-Hoc|iPhoneSimulator.Build.0 = Release|x86
		{56F405A0-2757-4715-BC2B-93F955BE7CA2}.Ad-Hoc|iPhoneSimulator.Deploy.0 = Release|x86
		{56F405A0-2757-4715-BC2B-93F955BE7CA2}.Ad-Hoc|x64.ActiveCfg = Release|x64
		{56F405A0-2757-4715-BC2B-93F955BE7CA2}.Ad-Hoc|x64.Build.0 = Release|x64
		{56F405A0-2757-4715-BC2B-93F955BE7CA2}.Ad-Hoc|x64.Deploy.0 = Release|x64
		{56F405A0-2757-4715-BC2B-93F955BE7CA2}.Ad-Hoc|x86.ActiveCfg = Release|x86
		{56F405A0-2757-4715-BC2B-93F955BE7CA2}.Ad-Hoc|x86.Build.0 = Release|x86
		{56F405A0-2757-4715-BC2B-93F955BE7CA2}.Ad-Hoc|x86.Deploy.0 = Release|x86
		{56F405A0-2757-4715-BC2B-93F955BE7CA2}.AppStore|Any CPU.ActiveCfg = Release|x86
		{56F405A0-2757-4715-BC2B-93F955BE7CA2}.AppStore|Any CPU.Build.0 = Release|x86
		{56F405A0-2757-4715-BC2B-93F955BE7CA2}.AppStore|Any CPU.Deploy.0 = Release|x86
		{56F405A0-2757-4715-BC2B-93F955BE7CA2}.AppStore|ARM.ActiveCfg = Release|ARM
		{56F405A0-2757-4715-BC2B-93F955BE7CA2}.AppStore|ARM.Build.0 = Release|ARM
		{56F405A0-2757-4715-BC2B-93F955BE7CA2}.AppStore|ARM.Deploy.0 = Release|ARM
		{56F405A0-2757-4715-BC2B-93F955BE7CA2}.AppStore|iPhone.ActiveCfg = Release|x86
		{56F405A0-2757-4715-BC2B-93F955BE7CA2}.AppStore|iPhone.Build.0 = Release|x86
		{56F405A0-2757-4715-BC2B-93F955BE7CA2}.AppStore|iPhone.Deploy.0 = Release|x86
		{56F405A0-2757-4715-BC2B-93F955BE7CA2}.AppStore|iPhoneSimulator.ActiveCfg = Release|x86
		{56F405A0-2757-4715-BC2B-93F955BE7CA2}.AppStore|iPhoneSimulator.Build.0 = Release|x86
		{56F405A0-2757-4715-BC2B-93F955BE7CA2}.AppStore|iPhoneSimulator.Deploy.0 = Release|x86
		{56F405A0-2757-4715-BC2B-93F955BE7CA2}.AppStore|x64.ActiveCfg = Release|x64
		{56F405A0-2757-4715-BC2B-93F955BE7CA2}.AppStore|x64.Build.0 = Release|x64
		{56F405A0-2757-4715-BC2B-93F955BE7CA2}.AppStore|x64.Deploy.0 = Release|x64
		{56F405A0-2757-4715-BC2B-93F955BE7CA2}.AppStore|x86.ActiveCfg = Release|x86
		{56F405A0-2757-4715-BC2B-93F955BE7CA2}.AppStore|x86.Build.0 = Release|x86
		{56F405A0-2757-4715-BC2B-93F955BE7CA2}.AppStore|x86.Deploy.0 = Release|x86
		{56F405A0-2757-4715-BC2B-93F955BE7CA2}.Debug|Any CPU.ActiveCfg = Debug|x86
		{56F405A0-2757-4715-BC2B-93F955BE7CA2}.Debug|ARM.ActiveCfg = Debug|ARM
		{56F405A0-2757-4715-BC2B-93F955BE7CA2}.Debug|ARM.Build.0 = Debug|ARM
		{56F405A0-2757-4715-BC2B-93F955BE7CA2}.Debug|ARM.Deploy.0 = Debug|ARM
		{56F405A0-2757-4715-BC2B-93F955BE7CA2}.Debug|iPhone.ActiveCfg = Debug|x86
		{56F405A0-2757-4715-BC2B-93F955BE7CA2}.Debug|iPhoneSimulator.ActiveCfg = Debug|x86
		{56F405A0-2757-4715-BC2B-93F955BE7CA2}.Debug|x64.ActiveCfg = Debug|x64
		{56F405A0-2757-4715-BC2B-93F955BE7CA2}.Debug|x64.Build.0 = Debug|x64
		{56F405A0-2757-4715-BC2B-93F955BE7CA2}.Debug|x64.Deploy.0 = Debug|x64
		{56F405A0-2757-4715-BC2B-93F955BE7CA2}.Debug|x86.ActiveCfg = Debug|x86
		{56F405A0-2757-4715-BC2B-93F955BE7CA2}.Debug|x86.Build.0 = Debug|x86
		{56F405A0-2757-4715-BC2B-93F955BE7CA2}.Debug|x86.Deploy.0 = Debug|x86
		{56F405A0-2757-4715-BC2B-93F955BE7CA2}.Release|Any CPU.ActiveCfg = Release|x86
		{56F405A0-2757-4715-BC2B-93F955BE7CA2}.Release|ARM.ActiveCfg = Release|ARM
		{56F405A0-2757-4715-BC2B-93F955BE7CA2}.Release|ARM.Build.0 = Release|ARM
		{56F405A0-2757-4715-BC2B-93F955BE7CA2}.Release|ARM.Deploy.0 = Release|ARM
		{56F405A0-2757-4715-BC2B-93F955BE7CA2}.Release|iPhone.ActiveCfg = Release|x86
		{56F405A0-2757-4715-BC2B-93F955BE7CA2}.Release|iPhoneSimulator.ActiveCfg = Release|x86
		{56F405A0-2757-4715-BC2B-93F955BE7CA2}.Release|x64.ActiveCfg = Release|x64
		{56F405A0-2757-4715-BC2B-93F955BE7CA2}.Release|x64.Build.0 = Release|x64
		{56F405A0-2757-4715-BC2B-93F955BE7CA2}.Release|x64.Deploy.0 = Release|x64
		{56F405A0-2757-4715-BC2B-93F955BE7CA2}.Release|x86.ActiveCfg = Release|x86
		{56F405A0-2757-4715-BC2B-93F955BE7CA2}.Release|x86.Build.0 = Release|x86
		{56F405A0-2757-4715-BC2B-93F955BE7CA2}.Release|x86.Deploy.0 = Release|x86
		{9B8D1F78-E745-42E5-AF1A-4C96B7C72665}.Ad-Hoc|Any CPU.ActiveCfg = Release|Any CPU
		{9B8D1F78-E745-42E5-AF1A-4C96B7C72665}.Ad-Hoc|Any CPU.Build.0 = Release|Any CPU
		{9B8D1F78-E745-42E5-AF1A-4C96B7C72665}.Ad-Hoc|Any CPU.Deploy.0 = Release|Any CPU
		{9B8D1F78-E745-42E5-AF1A-4C96B7C72665}.Ad-Hoc|ARM.ActiveCfg = Release|ARM
		{9B8D1F78-E745-42E5-AF1A-4C96B7C72665}.Ad-Hoc|ARM.Build.0 = Release|ARM
		{9B8D1F78-E745-42E5-AF1A-4C96B7C72665}.Ad-Hoc|ARM.Deploy.0 = Release|ARM
		{9B8D1F78-E745-42E5-AF1A-4C96B7C72665}.Ad-Hoc|iPhone.ActiveCfg = Release|Any CPU
		{9B8D1F78-E745-42E5-AF1A-4C96B7C72665}.Ad-Hoc|iPhone.Build.0 = Release|Any CPU
		{9B8D1F78-E745-42E5-AF1A-4C96B7C72665}.Ad-Hoc|iPhone.Deploy.0 = Release|Any CPU
		{9B8D1F78-E745-42E5-AF1A-4C96B7C72665}.Ad-Hoc|iPhoneSimulator.ActiveCfg = Release|Any CPU
		{9B8D1F78-E745-42E5-AF1A-4C96B7C72665}.Ad-Hoc|iPhoneSimulator.Build.0 = Release|Any CPU
		{9B8D1F78-E745-42E5-AF1A-4C96B7C72665}.Ad-Hoc|iPhoneSimulator.Deploy.0 = Release|Any CPU
		{9B8D1F78-E745-42E5-AF1A-4C96B7C72665}.Ad-Hoc|x64.ActiveCfg = Release|x64
		{9B8D1F78-E745-42E5-AF1A-4C96B7C72665}.Ad-Hoc|x64.Build.0 = Release|x64
		{9B8D1F78-E745-42E5-AF1A-4C96B7C72665}.Ad-Hoc|x64.Deploy.0 = Release|x64
		{9B8D1F78-E745-42E5-AF1A-4C96B7C72665}.Ad-Hoc|x86.ActiveCfg = Release|x86
		{9B8D1F78-E745-42E5-AF1A-4C96B7C72665}.Ad-Hoc|x86.Build.0 = Release|x86
		{9B8D1F78-E745-42E5-AF1A-4C96B7C72665}.Ad-Hoc|x86.Deploy.0 = Release|x86
		{9B8D1F78-E745-42E5-AF1A-4C96B7C72665}.AppStore|Any CPU.ActiveCfg = Release|Any CPU
		{9B8D1F78-E745-42E5-AF1A-4C96B7C72665}.AppStore|Any CPU.Build.0 = Release|Any CPU
		{9B8D1F78-E745-42E5-AF1A-4C96B7C72665}.AppStore|Any CPU.Deploy.0 = Release|Any CPU
		{9B8D1F78-E745-42E5-AF1A-4C96B7C72665}.AppStore|ARM.ActiveCfg = Release|ARM
		{9B8D1F78-E745-42E5-AF1A-4C96B7C72665}.AppStore|ARM.Build.0 = Release|ARM
		{9B8D1F78-E745-42E5-AF1A-4C96B7C72665}.AppStore|ARM.Deploy.0 = Release|ARM
		{9B8D1F78-E745-42E5-AF1A-4C96B7C72665}.AppStore|iPhone.ActiveCfg = Release|Any CPU
		{9B8D1F78-E745-42E5-AF1A-4C96B7C72665}.AppStore|iPhone.Build.0 = Release|Any CPU
		{9B8D1F78-E745-42E5-AF1A-4C96B7C72665}.AppStore|iPhone.Deploy.0 = Release|Any CPU
		{9B8D1F78-E745-42E5-AF1A-4C96B7C72665}.AppStore|iPhoneSimulator.ActiveCfg = Release|Any CPU
		{9B8D1F78-E745-42E5-AF1A-4C96B7C72665}.AppStore|iPhoneSimulator.Build.0 = Release|Any CPU
		{9B8D1F78-E745-42E5-AF1A-4C96B7C72665}.AppStore|iPhoneSimulator.Deploy.0 = Release|Any CPU
		{9B8D1F78-E745-42E5-AF1A-4C96B7C72665}.AppStore|x64.ActiveCfg = Release|x64
		{9B8D1F78-E745-42E5-AF1A-4C96B7C72665}.AppStore|x64.Build.0 = Release|x64
		{9B8D1F78-E745-42E5-AF1A-4C96B7C72665}.AppStore|x64.Deploy.0 = Release|x64
		{9B8D1F78-E745-42E5-AF1A-4C96B7C72665}.AppStore|x86.ActiveCfg = Release|x86
		{9B8D1F78-E745-42E5-AF1A-4C96B7C72665}.AppStore|x86.Build.0 = Release|x86
		{9B8D1F78-E745-42E5-AF1A-4C96B7C72665}.AppStore|x86.Deploy.0 = Release|x86
		{9B8D1F78-E745-42E5-AF1A-4C96B7C72665}.Debug|Any CPU.ActiveCfg = Debug|Any CPU
		{9B8D1F78-E745-42E5-AF1A-4C96B7C72665}.Debug|Any CPU.Build.0 = Debug|Any CPU
		{9B8D1F78-E745-42E5-AF1A-4C96B7C72665}.Debug|Any CPU.Deploy.0 = Debug|Any CPU
		{9B8D1F78-E745-42E5-AF1A-4C96B7C72665}.Debug|ARM.ActiveCfg = Debug|ARM
		{9B8D1F78-E745-42E5-AF1A-4C96B7C72665}.Debug|ARM.Build.0 = Debug|ARM
		{9B8D1F78-E745-42E5-AF1A-4C96B7C72665}.Debug|ARM.Deploy.0 = Debug|ARM
		{9B8D1F78-E745-42E5-AF1A-4C96B7C72665}.Debug|iPhone.ActiveCfg = Debug|Any CPU
		{9B8D1F78-E745-42E5-AF1A-4C96B7C72665}.Debug|iPhone.Build.0 = Debug|Any CPU
		{9B8D1F78-E745-42E5-AF1A-4C96B7C72665}.Debug|iPhone.Deploy.0 = Debug|Any CPU
		{9B8D1F78-E745-42E5-AF1A-4C96B7C72665}.Debug|iPhoneSimulator.ActiveCfg = Debug|Any CPU
		{9B8D1F78-E745-42E5-AF1A-4C96B7C72665}.Debug|iPhoneSimulator.Build.0 = Debug|Any CPU
		{9B8D1F78-E745-42E5-AF1A-4C96B7C72665}.Debug|iPhoneSimulator.Deploy.0 = Debug|Any CPU
		{9B8D1F78-E745-42E5-AF1A-4C96B7C72665}.Debug|x64.ActiveCfg = Debug|x64
		{9B8D1F78-E745-42E5-AF1A-4C96B7C72665}.Debug|x64.Build.0 = Debug|x64
		{9B8D1F78-E745-42E5-AF1A-4C96B7C72665}.Debug|x64.Deploy.0 = Debug|x64
		{9B8D1F78-E745-42E5-AF1A-4C96B7C72665}.Debug|x86.ActiveCfg = Debug|x86
		{9B8D1F78-E745-42E5-AF1A-4C96B7C72665}.Debug|x86.Build.0 = Debug|x86
		{9B8D1F78-E745-42E5-AF1A-4C96B7C72665}.Debug|x86.Deploy.0 = Debug|x86
		{9B8D1F78-E745-42E5-AF1A-4C96B7C72665}.Release|Any CPU.ActiveCfg = Release|Any CPU
		{9B8D1F78-E745-42E5-AF1A-4C96B7C72665}.Release|Any CPU.Build.0 = Release|Any CPU
		{9B8D1F78-E745-42E5-AF1A-4C96B7C72665}.Release|Any CPU.Deploy.0 = Release|Any CPU
		{9B8D1F78-E745-42E5-AF1A-4C96B7C72665}.Release|ARM.ActiveCfg = Release|ARM
		{9B8D1F78-E745-42E5-AF1A-4C96B7C72665}.Release|ARM.Build.0 = Release|ARM
		{9B8D1F78-E745-42E5-AF1A-4C96B7C72665}.Release|ARM.Deploy.0 = Release|ARM
		{9B8D1F78-E745-42E5-AF1A-4C96B7C72665}.Release|iPhone.ActiveCfg = Release|Any CPU
		{9B8D1F78-E745-42E5-AF1A-4C96B7C72665}.Release|iPhone.Build.0 = Release|Any CPU
		{9B8D1F78-E745-42E5-AF1A-4C96B7C72665}.Release|iPhone.Deploy.0 = Release|Any CPU
		{9B8D1F78-E745-42E5-AF1A-4C96B7C72665}.Release|iPhoneSimulator.ActiveCfg = Release|Any CPU
		{9B8D1F78-E745-42E5-AF1A-4C96B7C72665}.Release|iPhoneSimulator.Build.0 = Release|Any CPU
		{9B8D1F78-E745-42E5-AF1A-4C96B7C72665}.Release|iPhoneSimulator.Deploy.0 = Release|Any CPU
		{9B8D1F78-E745-42E5-AF1A-4C96B7C72665}.Release|x64.ActiveCfg = Release|x64
		{9B8D1F78-E745-42E5-AF1A-4C96B7C72665}.Release|x64.Build.0 = Release|x64
		{9B8D1F78-E745-42E5-AF1A-4C96B7C72665}.Release|x64.Deploy.0 = Release|x64
		{9B8D1F78-E745-42E5-AF1A-4C96B7C72665}.Release|x86.ActiveCfg = Release|x86
		{9B8D1F78-E745-42E5-AF1A-4C96B7C72665}.Release|x86.Build.0 = Release|x86
		{9B8D1F78-E745-42E5-AF1A-4C96B7C72665}.Release|x86.Deploy.0 = Release|x86
	EndGlobalSection
	GlobalSection(SolutionProperties) = preSolution
		HideSolutionNode = FALSE
	EndGlobalSection
EndGlobal
